Microsoft Visual Studio Solution File, Format Version 8.00
Project("{8BC9CEB8-8B4A-11D0-8D11-00A0C91BC942}") = "0 UT2 Code", "0 UT2 Code.vcproj", "{012F6AE2-4287-43AE-9B20-F70E1260F077}"
	ProjectSection(ProjectDependencies) = postProject
		{985FC84E-D4F3-4DAA-8E30-60766081784E} = {985FC84E-D4F3-4DAA-8E30-60766081784E}
		{922BD254-02F8-4351-8A64-65A0085FC27E} = {922BD254-02F8-4351-8A64-65A0085FC27E}
		{2C15D588-1CD2-48D9-A08B-05D27C3273DD} = {2C15D588-1CD2-48D9-A08B-05D27C3273DD}
		{19886B8D-9B0C-491E-8C71-2579B4D52761} = {19886B8D-9B0C-491E-8C71-2579B4D52761}
		{2452E490-E5F9-454E-AD3B-104A8E542616} = {2452E490-E5F9-454E-AD3B-104A8E542616}
		{F0FC2F91-1AE6-4C35-9C15-299CD354AAA4} = {F0FC2F91-1AE6-4C35-9C15-299CD354AAA4}
		{5759E1C1-D00C-422D-A0C3-85D3712A569B} = {5759E1C1-D00C-422D-A0C3-85D3712A569B}
		{F96152CE-8D09-4F16-A1A1-A0AA006BF618} = {F96152CE-8D09-4F16-A1A1-A0AA006BF618}
	EndProjectSection
EndProject
Project("{8BC9CEB8-8B4A-11D0-8D11-00A0C91BC942}") = "ALAudio", "ALAudio\Src\ALAudio.vcproj", "{1A04010C-3F69-4890-B4E1-79D0CE6A35D4}"
	ProjectSection(ProjectDependencies) = postProject
		{F0FC2F91-1AE6-4C35-9C15-299CD354AAA4} = {F0FC2F91-1AE6-4C35-9C15-299CD354AAA4}
	EndProjectSection
EndProject
Project("{8BC9CEB8-8B4A-11D0-8D11-00A0C91BC942}") = "Core", "Core\Src\Core.vcproj", "{2C15D588-1CD2-48D9-A08B-05D27C3273DD}"
	ProjectSection(ProjectDependencies) = postProject
		{A51D1343-EC3C-4507-8A14-5084CDABDB52} = {A51D1343-EC3C-4507-8A14-5084CDABDB52}
		{0196B646-AF8F-4D83-A6B9-1FFF9EA328E6} = {0196B646-AF8F-4D83-A6B9-1FFF9EA328E6}
		{6C09A0F5-68C1-4696-8961-26E2E6A17F19} = {6C09A0F5-68C1-4696-8961-26E2E6A17F19}
	EndProjectSection
EndProject
Project("{8BC9CEB8-8B4A-11D0-8D11-00A0C91BC942}") = "D3DDrv", "D3DDrv\Src\D3DDrv.vcproj", "{0943CD8E-EED4-43CE-B4AF-E9C3D753769F}"
	ProjectSection(ProjectDependencies) = postProject
		{F0FC2F91-1AE6-4C35-9C15-299CD354AAA4} = {F0FC2F91-1AE6-4C35-9C15-299CD354AAA4}
	EndProjectSection
EndProject
Project("{8BC9CEB8-8B4A-11D0-8D11-00A0C91BC942}") = "Editor", "Editor\Src\Editor.vcproj", "{F96152CE-8D09-4F16-A1A1-A0AA006BF618}"
	ProjectSection(ProjectDependencies) = postProject
		{09ECE27B-D4E0-4974-B049-FC7316B2E71C} = {09ECE27B-D4E0-4974-B049-FC7316B2E71C}
		{F0FC2F91-1AE6-4C35-9C15-299CD354AAA4} = {F0FC2F91-1AE6-4C35-9C15-299CD354AAA4}
	EndProjectSection
EndProject
Project("{8BC9CEB8-8B4A-11D0-8D11-00A0C91BC942}") = "Engine", "Engine\Src\Engine.vcproj", "{F0FC2F91-1AE6-4C35-9C15-299CD354AAA4}"
	ProjectSection(ProjectDependencies) = postProject
		{2C15D588-1CD2-48D9-A08B-05D27C3273DD} = {2C15D588-1CD2-48D9-A08B-05D27C3273DD}
	EndProjectSection
EndProject
Project("{8BC9CEB8-8B4A-11D0-8D11-00A0C91BC942}") = "Fire", "Fire\Src\Fire.vcproj", "{D8722A3B-C147-4DD2-AFE0-A6593E7DF213}"
	ProjectSection(ProjectDependencies) = postProject
		{F0FC2F91-1AE6-4C35-9C15-299CD354AAA4} = {F0FC2F91-1AE6-4C35-9C15-299CD354AAA4}
	EndProjectSection
EndProject
Project("{8BC9CEB8-8B4A-11D0-8D11-00A0C91BC942}") = "Gameplay", "Gameplay\Src\Gameplay.vcproj", "{CB0676C7-F9BF-47E6-9BEE-894C8E440DE9}"
	ProjectSection(ProjectDependencies) = postProject
	EndProjectSection
EndProject
Project("{8BC9CEB8-8B4A-11D0-8D11-00A0C91BC942}") = "IpDrv", "IpDrv\Src\IpDrv.vcproj", "{5C8BE0C2-2D0D-4CF0-A8C2-FE059BE1161B}"
	ProjectSection(ProjectDependencies) = postProject
		{F0FC2F91-1AE6-4C35-9C15-299CD354AAA4} = {F0FC2F91-1AE6-4C35-9C15-299CD354AAA4}
	EndProjectSection
EndProject
Project("{8BC9CEB8-8B4A-11D0-8D11-00A0C91BC942}") = "Launch", "Launch\Src\Launch.vcproj", "{19886B8D-9B0C-491E-8C71-2579B4D52761}"
	ProjectSection(ProjectDependencies) = postProject
		{8C237209-01E6-4797-9BCA-4675C161F26E} = {8C237209-01E6-4797-9BCA-4675C161F26E}
		{1A04010C-3F69-4890-B4E1-79D0CE6A35D4} = {1A04010C-3F69-4890-B4E1-79D0CE6A35D4}
		{687C1A13-0481-412B-B6FB-BCA8A5DCB29C} = {687C1A13-0481-412B-B6FB-BCA8A5DCB29C}
		{D8722A3B-C147-4DD2-AFE0-A6593E7DF213} = {D8722A3B-C147-4DD2-AFE0-A6593E7DF213}
		{FED37248-858B-4EE9-89F9-5F2FB68C3C70} = {FED37248-858B-4EE9-89F9-5F2FB68C3C70}
		{3AE30374-88A2-4127-8A09-9C43FBE04DD0} = {3AE30374-88A2-4127-8A09-9C43FBE04DD0}
		{7DC9CBBB-ADAF-4A79-B635-E658F8502699} = {7DC9CBBB-ADAF-4A79-B635-E658F8502699}
		{5C8BE0C2-2D0D-4CF0-A8C2-FE059BE1161B} = {5C8BE0C2-2D0D-4CF0-A8C2-FE059BE1161B}
		{F96152CE-8D09-4F16-A1A1-A0AA006BF618} = {F96152CE-8D09-4F16-A1A1-A0AA006BF618}
	EndProjectSection
EndProject
Project("{8BC9CEB8-8B4A-11D0-8D11-00A0C91BC942}") = "Setup", "Setup\Src\Setup.vcproj", "{985FC84E-D4F3-4DAA-8E30-60766081784E}"
	ProjectSection(ProjectDependencies) = postProject
		{8C237209-01E6-4797-9BCA-4675C161F26E} = {8C237209-01E6-4797-9BCA-4675C161F26E}
		{09ECE27B-D4E0-4974-B049-FC7316B2E71C} = {09ECE27B-D4E0-4974-B049-FC7316B2E71C}
		{F0FC2F91-1AE6-4C35-9C15-299CD354AAA4} = {F0FC2F91-1AE6-4C35-9C15-299CD354AAA4}
	EndProjectSection
EndProject
Project("{8BC9CEB8-8B4A-11D0-8D11-00A0C91BC942}") = "System", "System\System.vcproj", "{8862AC2F-F80D-4ACD-B976-89B4497131CC}"
	ProjectSection(ProjectDependencies) = postProject
	EndProjectSection
EndProject
Project("{8BC9CEB8-8B4A-11D0-8D11-00A0C91BC942}") = "UCC", "UCC\Src\UCC.vcproj", "{5759E1C1-D00C-422D-A0C3-85D3712A569B}"
	ProjectSection(ProjectDependencies) = postProject
		{8C237209-01E6-4797-9BCA-4675C161F26E} = {8C237209-01E6-4797-9BCA-4675C161F26E}
		{D8722A3B-C147-4DD2-AFE0-A6593E7DF213} = {D8722A3B-C147-4DD2-AFE0-A6593E7DF213}
		{3AE30374-88A2-4127-8A09-9C43FBE04DD0} = {3AE30374-88A2-4127-8A09-9C43FBE04DD0}
		{5C8BE0C2-2D0D-4CF0-A8C2-FE059BE1161B} = {5C8BE0C2-2D0D-4CF0-A8C2-FE059BE1161B}
		{F96152CE-8D09-4F16-A1A1-A0AA006BF618} = {F96152CE-8D09-4F16-A1A1-A0AA006BF618}
	EndProjectSection
EndProject
Project("{8BC9CEB8-8B4A-11D0-8D11-00A0C91BC942}") = "UWeb", "UWeb\Src\UWeb.vcproj", "{3AE30374-88A2-4127-8A09-9C43FBE04DD0}"
	ProjectSection(ProjectDependencies) = postProject
		{5C8BE0C2-2D0D-4CF0-A8C2-FE059BE1161B} = {5C8BE0C2-2D0D-4CF0-A8C2-FE059BE1161B}
	EndProjectSection
EndProject
Project("{8BC9CEB8-8B4A-11D0-8D11-00A0C91BC942}") = "UccDepend", "UccDepend\UccDepend.vcproj", "{922BD254-02F8-4351-8A64-65A0085FC27E}"
	ProjectSection(ProjectDependencies) = postProject
		{5759E1C1-D00C-422D-A0C3-85D3712A569B} = {5759E1C1-D00C-422D-A0C3-85D3712A569B}
	EndProjectSection
EndProject
Project("{8BC9CEB8-8B4A-11D0-8D11-00A0C91BC942}") = "UnrealEd", "UnrealEd\Src\UnrealEd.vcproj", "{2452E490-E5F9-454E-AD3B-104A8E542616}"
	ProjectSection(ProjectDependencies) = postProject
		{8C237209-01E6-4797-9BCA-4675C161F26E} = {8C237209-01E6-4797-9BCA-4675C161F26E}
		{1A04010C-3F69-4890-B4E1-79D0CE6A35D4} = {1A04010C-3F69-4890-B4E1-79D0CE6A35D4}
		{D8722A3B-C147-4DD2-AFE0-A6593E7DF213} = {D8722A3B-C147-4DD2-AFE0-A6593E7DF213}
		{3AE30374-88A2-4127-8A09-9C43FBE04DD0} = {3AE30374-88A2-4127-8A09-9C43FBE04DD0}
		{0943CD8E-EED4-43CE-B4AF-E9C3D753769F} = {0943CD8E-EED4-43CE-B4AF-E9C3D753769F}
		{7DC9CBBB-ADAF-4A79-B635-E658F8502699} = {7DC9CBBB-ADAF-4A79-B635-E658F8502699}
		{5C8BE0C2-2D0D-4CF0-A8C2-FE059BE1161B} = {5C8BE0C2-2D0D-4CF0-A8C2-FE059BE1161B}
		{F96152CE-8D09-4F16-A1A1-A0AA006BF618} = {F96152CE-8D09-4F16-A1A1-A0AA006BF618}
	EndProjectSection
EndProject
Project("{8BC9CEB8-8B4A-11D0-8D11-00A0C91BC942}") = "UnrealGame", "UnrealGame\Src\UnrealGame.vcproj", "{A4835CC9-4192-4E8D-8701-CF0F5C56D76D}"
	ProjectSection(ProjectDependencies) = postProject
	EndProjectSection
EndProject
Project("{8BC9CEB8-8B4A-11D0-8D11-00A0C91BC942}") = "WinDrv", "WinDrv\Src\WinDrv.vcproj", "{7DC9CBBB-ADAF-4A79-B635-E658F8502699}"
	ProjectSection(ProjectDependencies) = postProject
		{09ECE27B-D4E0-4974-B049-FC7316B2E71C} = {09ECE27B-D4E0-4974-B049-FC7316B2E71C}
		{F0FC2F91-1AE6-4C35-9C15-299CD354AAA4} = {F0FC2F91-1AE6-4C35-9C15-299CD354AAA4}
	EndProjectSection
EndProject
Project("{8BC9CEB8-8B4A-11D0-8D11-00A0C91BC942}") = "Window", "Window\Src\Window.vcproj", "{09ECE27B-D4E0-4974-B049-FC7316B2E71C}"
	ProjectSection(ProjectDependencies) = postProject
		{F0FC2F91-1AE6-4C35-9C15-299CD354AAA4} = {F0FC2F91-1AE6-4C35-9C15-299CD354AAA4}
	EndProjectSection
EndProject
Project("{8BC9CEB8-8B4A-11D0-8D11-00A0C91BC942}") = "XEffects", "XEffects\Src\XEffects.vcproj", "{2B557D11-94C2-4045-840A-ACA1101475DC}"
	ProjectSection(ProjectDependencies) = postProject
	EndProjectSection
EndProject
Project("{8BC9CEB8-8B4A-11D0-8D11-00A0C91BC942}") = "XGame", "XGame\XGame.vcproj", "{BCF8B4BD-E3BA-4C62-B4BB-15F012C6D331}"
	ProjectSection(ProjectDependencies) = postProject
		{F0FC2F91-1AE6-4C35-9C15-299CD354AAA4} = {F0FC2F91-1AE6-4C35-9C15-299CD354AAA4}
	EndProjectSection
EndProject
Project("{8BC9CEB8-8B4A-11D0-8D11-00A0C91BC942}") = "XGame_rc", "XGame_rc\XGame_rc.vcproj", "{B3878A99-0F64-489C-A3FB-9C95CF995138}"
	ProjectSection(ProjectDependencies) = postProject
	EndProjectSection
EndProject
Project("{8BC9CEB8-8B4A-11D0-8D11-00A0C91BC942}") = "XInterface", "XInterface\XInterface.vcproj", "{687C1A13-0481-412B-B6FB-BCA8A5DCB29C}"
	ProjectSection(ProjectDependencies) = postProject
		{BCF8B4BD-E3BA-4C62-B4BB-15F012C6D331} = {BCF8B4BD-E3BA-4C62-B4BB-15F012C6D331}
		{5C8BE0C2-2D0D-4CF0-A8C2-FE059BE1161B} = {5C8BE0C2-2D0D-4CF0-A8C2-FE059BE1161B}
	EndProjectSection
EndProject
Project("{8BC9CEB8-8B4A-11D0-8D11-00A0C91BC942}") = "XPickups", "XPickups\XPickups.vcproj", "{432F09A8-B6D8-4D6C-9176-C4D604CE05BB}"
	ProjectSection(ProjectDependencies) = postProject
	EndProjectSection
EndProject
Project("{8BC9CEB8-8B4A-11D0-8D11-00A0C91BC942}") = "XPickups_rc", "XPickups_rc\XPickups_rc.vcproj", "{315A06EC-D373-4EA7-AD4F-85872143521E}"
	ProjectSection(ProjectDependencies) = postProject
	EndProjectSection
EndProject
Project("{8BC9CEB8-8B4A-11D0-8D11-00A0C91BC942}") = "XWeapons", "XWeapons\XWeapons.vcproj", "{CB660AD1-6079-4ECC-96F8-7F1D88F4C560}"
	ProjectSection(ProjectDependencies) = postProject
	EndProjectSection
EndProject
Project("{8BC9CEB8-8B4A-11D0-8D11-00A0C91BC942}") = "XWeapons_rc", "XWeapons_rc\XWeapons_rc.vcproj", "{02F69EAD-9B84-4309-87F7-B71BB3D3E8D8}"
	ProjectSection(ProjectDependencies) = postProject
	EndProjectSection
EndProject
Project("{8BC9CEB8-8B4A-11D0-8D11-00A0C91BC942}") = "ogg", "Vorbis\ogg\win32\ogg.vcproj", "{0196B646-AF8F-4D83-A6B9-1FFF9EA328E6}"
	ProjectSection(ProjectDependencies) = postProject
	EndProjectSection
EndProject
Project("{8BC9CEB8-8B4A-11D0-8D11-00A0C91BC942}") = "vorbis", "Vorbis\vorbis\win32\vorbis.vcproj", "{A51D1343-EC3C-4507-8A14-5084CDABDB52}"
	ProjectSection(ProjectDependencies) = postProject
		{0196B646-AF8F-4D83-A6B9-1FFF9EA328E6} = {0196B646-AF8F-4D83-A6B9-1FFF9EA328E6}
	EndProjectSection
EndProject
Project("{8BC9CEB8-8B4A-11D0-8D11-00A0C91BC942}") = "vorbisfile", "Vorbis\vorbis\win32\vorbisfile.vcproj", "{6C09A0F5-68C1-4696-8961-26E2E6A17F19}"
	ProjectSection(ProjectDependencies) = postProject
		{A51D1343-EC3C-4507-8A14-5084CDABDB52} = {A51D1343-EC3C-4507-8A14-5084CDABDB52}
		{0196B646-AF8F-4D83-A6B9-1FFF9EA328E6} = {0196B646-AF8F-4D83-A6B9-1FFF9EA328E6}
	EndProjectSection
EndProject
Project("{8BC9CEB8-8B4A-11D0-8D11-00A0C91BC942}") = "BugReport", "BugReport\Src\BugReport.vcproj", "{FED37248-858B-4EE9-89F9-5F2FB68C3C70}"
	ProjectSection(ProjectDependencies) = postProject
	EndProjectSection
EndProject
Project("{8BC9CEB8-8B4A-11D0-8D11-00A0C91BC942}") = "XAdmin", "XAdmin\XAdmin.vcproj", "{8E6B21FC-32DF-4F70-AACC-0134325E06FE}"
	ProjectSection(ProjectDependencies) = postProject
	EndProjectSection
EndProject
Project("{8BC9CEB8-8B4A-11D0-8D11-00A0C91BC942}") = "XWebAdmin", "xWebAdmin\Src\XWebAdmin.vcproj", "{0B59544F-58D0-4457-B2C0-FA38E003FE38}"
	ProjectSection(ProjectDependencies) = postProject
	EndProjectSection
EndProject
Project("{8BC9CEB8-8B4A-11D0-8D11-00A0C91BC942}") = "Web", "Web\Src\Web.vcproj", "{A6B4ECDC-50C2-4086-85F7-CB8AA44C16A1}"
	ProjectSection(ProjectDependencies) = postProject
	EndProjectSection
EndProject
Project("{8BC9CEB8-8B4A-11D0-8D11-00A0C91BC942}") = "DebuggerLaunch", "DebuggerLaunch\Src\DebuggerLaunch.vcproj", "{BD6AD13F-C4B6-476A-8763-8B1F0DE1513E}"
	ProjectSection(ProjectDependencies) = postProject
		{8C237209-01E6-4797-9BCA-4675C161F26E} = {8C237209-01E6-4797-9BCA-4675C161F26E}
		{2C15D588-1CD2-48D9-A08B-05D27C3273DD} = {2C15D588-1CD2-48D9-A08B-05D27C3273DD}
		{F0FC2F91-1AE6-4C35-9C15-299CD354AAA4} = {F0FC2F91-1AE6-4C35-9C15-299CD354AAA4}
		{7DC9CBBB-ADAF-4A79-B635-E658F8502699} = {7DC9CBBB-ADAF-4A79-B635-E658F8502699}
		{F96152CE-8D09-4F16-A1A1-A0AA006BF618} = {F96152CE-8D09-4F16-A1A1-A0AA006BF618}
	EndProjectSection
EndProject
Project("{8BC9CEB8-8B4A-11D0-8D11-00A0C91BC942}") = "Vehicles", "Vehicles\Vehicles.vcproj", "{BD7B1AF4-6AB5-40BE-B29F-2386B4489A15}"
	ProjectSection(ProjectDependencies) = postProject
	EndProjectSection
EndProject
Project("{8BC9CEB8-8B4A-11D0-8D11-00A0C91BC942}") = "OpenGLDrv", "OpenGLDrv\Src\OpenGLDrv.vcproj", "{04B2654D-F473-445E-AE3A-CEAAD3373689}"
	ProjectSection(ProjectDependencies) = postProject
		{F0FC2F91-1AE6-4C35-9C15-299CD354AAA4} = {F0FC2F91-1AE6-4C35-9C15-299CD354AAA4}
	EndProjectSection
EndProject
Project("{8BC9CEB8-8B4A-11D0-8D11-00A0C91BC942}") = "zlib", "zlib\zlib.vcproj", "{8C237209-01E6-4797-9BCA-4675C161F26E}"
	ProjectSection(ProjectDependencies) = postProject
	EndProjectSection
EndProject
Project("{8BC9CEB8-8B4A-11D0-8D11-00A0C91BC942}") = "Benchmark", "Benchmark\Src\Benchmark.vcproj", "{94BF5FAD-D736-41F1-9850-09811D464BAE}"
	ProjectSection(ProjectDependencies) = postProject
	EndProjectSection
EndProject
Project("{8BC9CEB8-8B4A-11D0-8D11-00A0C91BC942}") = "BonusPack", "BonusPack\BonusPack.vcproj", "{BD7B1AF4-6AB5-40BE-B29F-2386B4489A15}"
	ProjectSection(ProjectDependencies) = postProject
	EndProjectSection
EndProject
Project("{8BC9CEB8-8B4A-11D0-8D11-00A0C91BC942}") = "SkaarjPack", "SkaarjPack\SkaarjPack.vcproj", "{AA590301-66B8-49DC-B612-ABD340F92578}"
	ProjectSection(ProjectDependencies) = postProject
	EndProjectSection
EndProject
Project("{8BC9CEB8-8B4A-11D0-8D11-00A0C91BC942}") = "SkaarjPack_rc", "SkaarjPack_rc\SkaarjPack_rc.vcproj", "{4556F29F-8FCE-421E-A31C-AF47C07DB1F8}"
	ProjectSection(ProjectDependencies) = postProject
	EndProjectSection
EndProject
Project("{8BC9CEB8-8B4A-11D0-8D11-00A0C91BC942}") = "UTClassic", "UTClassic\UTClassic.vcproj", "{EB658568-003D-41C7-986B-B690C8073DB5}"
	ProjectSection(ProjectDependencies) = postProject
	EndProjectSection
EndProject
Project("{8BC9CEB8-8B4A-11D0-8D11-00A0C91BC942}") = "UT2k4Assault", "UT2k4Assault\UT2k4Assault.vcproj", "{EB658568-003D-41C7-986B-B690C8073DB5}"
	ProjectSection(ProjectDependencies) = postProject
	EndProjectSection
EndProject
Project("{8BC9CEB8-8B4A-11D0-8D11-00A0C91BC942}") = "GUI2K4", "GUI2K4\GUI2K4.vcproj", "{52C097E2-6E42-4C7D-8ECB-90F5AFD0569B}"
	ProjectSection(ProjectDependencies) = postProject
	EndProjectSection
EndProject
Project("{8BC9CEB8-8B4A-11D0-8D11-00A0C91BC942}") = "Onslaught", "Onslaught\Onslaught.vcproj", "{40AE6ED3-87C3-4695-BEA6-B713531CC3B8}"
	ProjectSection(ProjectDependencies) = postProject
	EndProjectSection
EndProject
Project("{8BC9CEB8-8B4A-11D0-8D11-00A0C91BC942}") = "D3D9Drv", "D3D9Drv\Src\D3D9Drv.vcproj", "{E78E5FB5-E057-44FF-A6BD-B31AAA0E5B9B}"
	ProjectSection(ProjectDependencies) = postProject
	EndProjectSection
EndProject
Project("{8BC9CEB8-8B4A-11D0-8D11-00A0C91BC942}") = "xVoting", "xVoting\xVoting.vcproj", "{107F4088-DEF5-45D4-ACA1-02E68BF50F6B}"
	ProjectSection(ProjectDependencies) = postProject
	EndProjectSection
EndProject
Project("{8BC9CEB8-8B4A-11D0-8D11-00A0C91BC942}") = "OnslaughtFull", "OnslaughtFull\OnslaughtFull.vcproj", "{7C94D95F-2F2D-4FE0-9CF2-AAE4BE6D545A}"
	ProjectSection(ProjectDependencies) = postProject
	EndProjectSection
EndProject
Project("{8BC9CEB8-8B4A-11D0-8D11-00A0C91BC942}") = "UT2k4AssaultFull", "UT2k4AssaultFull\UT2k4AssaultFull.vcproj", "{F2508EB8-3BEB-415C-A8B4-CCC701CF74EC}"
	ProjectSection(ProjectDependencies) = postProject
	EndProjectSection
EndProject
Project("{8BC9CEB8-8B4A-11D0-8D11-00A0C91BC942}") = "GUIDesigner", "GUIDesigner\GUIDesigner.vcproj", "{82F1CB24-B63E-4955-9CF5-F25D6F7CFA76}"
	ProjectSection(ProjectDependencies) = postProject
		{687C1A13-0481-412B-B6FB-BCA8A5DCB29C} = {687C1A13-0481-412B-B6FB-BCA8A5DCB29C}
		{09ECE27B-D4E0-4974-B049-FC7316B2E71C} = {09ECE27B-D4E0-4974-B049-FC7316B2E71C}
	EndProjectSection
EndProject
Project("{8BC9CEB8-8B4A-11D0-8D11-00A0C91BC942}") = "UTV2003", "UTV2004\Src\UTV2003.vcproj", "{7FFFBFC8-D503-4732-8011-B6D6AC43761D}"
	ProjectSection(ProjectDependencies) = postProject
	EndProjectSection
EndProject
Project("{8BC9CEB8-8B4A-11D0-8D11-00A0C91BC942}") = "OnslaughtBP", "OnslaughtBP\OnslaughtBP.vcproj", "{6797B617-41DF-4C92-B54A-8D3AC1CB0FBD}"
	ProjectSection(ProjectDependencies) = postProject
	EndProjectSection
EndProject
Global
	GlobalSection(SolutionConfiguration) = preSolution
		Debug = Debug
		Debug_AMD64 = Debug_AMD64
		DebugDLL = DebugDLL
		DebugSlow = DebugSlow
		Profiling = Profiling
		Release = Release
		Release_UedDLL = Release_UedDLL
		ReleaseDLL = ReleaseDLL
		ReleaseFast = ReleaseFast
		SystemFiles = SystemFiles
		UnrealScript = UnrealScript
	EndGlobalSection
	GlobalSection(ProjectConfiguration) = postSolution
		{012F6AE2-4287-43AE-9B20-F70E1260F077}.Debug.ActiveCfg = Debug|Win32
		{012F6AE2-4287-43AE-9B20-F70E1260F077}.Debug.Build.0 = Debug|Win32
		{012F6AE2-4287-43AE-9B20-F70E1260F077}.Debug_AMD64.ActiveCfg = Debug_AMD64|Win32
		{012F6AE2-4287-43AE-9B20-F70E1260F077}.Debug_AMD64.Build.0 = Debug_AMD64|Win32
		{012F6AE2-4287-43AE-9B20-F70E1260F077}.DebugDLL.ActiveCfg = Debug_AMD64|Win32
		{012F6AE2-4287-43AE-9B20-F70E1260F077}.DebugSlow.ActiveCfg = DebugSlow|Win32
		{012F6AE2-4287-43AE-9B20-F70E1260F077}.DebugSlow.Build.0 = DebugSlow|Win32
		{012F6AE2-4287-43AE-9B20-F70E1260F077}.Profiling.ActiveCfg = Profiling|Win32
		{012F6AE2-4287-43AE-9B20-F70E1260F077}.Profiling.Build.0 = Profiling|Win32
		{012F6AE2-4287-43AE-9B20-F70E1260F077}.Release.ActiveCfg = Release|Win32
		{012F6AE2-4287-43AE-9B20-F70E1260F077}.Release.Build.0 = Release|Win32
		{012F6AE2-4287-43AE-9B20-F70E1260F077}.Release_UedDLL.ActiveCfg = Release|Win32
		{012F6AE2-4287-43AE-9B20-F70E1260F077}.Release_UedDLL.Build.0 = Release|Win32
		{012F6AE2-4287-43AE-9B20-F70E1260F077}.ReleaseDLL.ActiveCfg = ReleaseFast|Win32
		{012F6AE2-4287-43AE-9B20-F70E1260F077}.ReleaseFast.ActiveCfg = ReleaseFast|Win32
		{012F6AE2-4287-43AE-9B20-F70E1260F077}.ReleaseFast.Build.0 = ReleaseFast|Win32
		{012F6AE2-4287-43AE-9B20-F70E1260F077}.SystemFiles.ActiveCfg = Release|Win32
		{012F6AE2-4287-43AE-9B20-F70E1260F077}.SystemFiles.Build.0 = Release|Win32
		{012F6AE2-4287-43AE-9B20-F70E1260F077}.UnrealScript.ActiveCfg = Release|Win32
		{012F6AE2-4287-43AE-9B20-F70E1260F077}.UnrealScript.Build.0 = Release|Win32
		{1A04010C-3F69-4890-B4E1-79D0CE6A35D4}.Debug.ActiveCfg = Debug|Win32
		{1A04010C-3F69-4890-B4E1-79D0CE6A35D4}.Debug.Build.0 = Debug|Win32
		{1A04010C-3F69-4890-B4E1-79D0CE6A35D4}.Debug_AMD64.ActiveCfg = Debug_AMD64|Win32
		{1A04010C-3F69-4890-B4E1-79D0CE6A35D4}.Debug_AMD64.Build.0 = Debug_AMD64|Win32
		{1A04010C-3F69-4890-B4E1-79D0CE6A35D4}.DebugDLL.ActiveCfg = Debug_AMD64|Win32
		{1A04010C-3F69-4890-B4E1-79D0CE6A35D4}.DebugSlow.ActiveCfg = DebugSlow|Win32
		{1A04010C-3F69-4890-B4E1-79D0CE6A35D4}.DebugSlow.Build.0 = DebugSlow|Win32
		{1A04010C-3F69-4890-B4E1-79D0CE6A35D4}.Profiling.ActiveCfg = Profiling|Win32
		{1A04010C-3F69-4890-B4E1-79D0CE6A35D4}.Profiling.Build.0 = Profiling|Win32
		{1A04010C-3F69-4890-B4E1-79D0CE6A35D4}.Release.ActiveCfg = Release|Win32
		{1A04010C-3F69-4890-B4E1-79D0CE6A35D4}.Release.Build.0 = Release|Win32
		{1A04010C-3F69-4890-B4E1-79D0CE6A35D4}.Release_UedDLL.ActiveCfg = Release|Win32
		{1A04010C-3F69-4890-B4E1-79D0CE6A35D4}.Release_UedDLL.Build.0 = Release|Win32
		{1A04010C-3F69-4890-B4E1-79D0CE6A35D4}.ReleaseDLL.ActiveCfg = ReleaseFast|Win32
		{1A04010C-3F69-4890-B4E1-79D0CE6A35D4}.ReleaseFast.ActiveCfg = ReleaseFast|Win32
		{1A04010C-3F69-4890-B4E1-79D0CE6A35D4}.ReleaseFast.Build.0 = ReleaseFast|Win32
		{1A04010C-3F69-4890-B4E1-79D0CE6A35D4}.SystemFiles.ActiveCfg = Debug|Win32
		{1A04010C-3F69-4890-B4E1-79D0CE6A35D4}.SystemFiles.Build.0 = Debug|Win32
		{1A04010C-3F69-4890-B4E1-79D0CE6A35D4}.UnrealScript.ActiveCfg = Debug|Win32
		{1A04010C-3F69-4890-B4E1-79D0CE6A35D4}.UnrealScript.Build.0 = Debug|Win32
		{2C15D588-1CD2-48D9-A08B-05D27C3273DD}.Debug.ActiveCfg = Debug|Win32
		{2C15D588-1CD2-48D9-A08B-05D27C3273DD}.Debug.Build.0 = Debug|Win32
		{2C15D588-1CD2-48D9-A08B-05D27C3273DD}.Debug_AMD64.ActiveCfg = Debug_AMD64|Win32
		{2C15D588-1CD2-48D9-A08B-05D27C3273DD}.Debug_AMD64.Build.0 = Debug_AMD64|Win32
		{2C15D588-1CD2-48D9-A08B-05D27C3273DD}.DebugDLL.ActiveCfg = Debug_AMD64|Win32
		{2C15D588-1CD2-48D9-A08B-05D27C3273DD}.DebugSlow.ActiveCfg = DebugSlow|Win32
		{2C15D588-1CD2-48D9-A08B-05D27C3273DD}.DebugSlow.Build.0 = DebugSlow|Win32
		{2C15D588-1CD2-48D9-A08B-05D27C3273DD}.Profiling.ActiveCfg = Profiling|Win32
		{2C15D588-1CD2-48D9-A08B-05D27C3273DD}.Profiling.Build.0 = Profiling|Win32
		{2C15D588-1CD2-48D9-A08B-05D27C3273DD}.Release.ActiveCfg = Release|Win32
		{2C15D588-1CD2-48D9-A08B-05D27C3273DD}.Release.Build.0 = Release|Win32
		{2C15D588-1CD2-48D9-A08B-05D27C3273DD}.Release_UedDLL.ActiveCfg = Release|Win32
		{2C15D588-1CD2-48D9-A08B-05D27C3273DD}.Release_UedDLL.Build.0 = Release|Win32
		{2C15D588-1CD2-48D9-A08B-05D27C3273DD}.ReleaseDLL.ActiveCfg = ReleaseFast|Win32
		{2C15D588-1CD2-48D9-A08B-05D27C3273DD}.ReleaseFast.ActiveCfg = ReleaseFast|Win32
		{2C15D588-1CD2-48D9-A08B-05D27C3273DD}.ReleaseFast.Build.0 = ReleaseFast|Win32
		{2C15D588-1CD2-48D9-A08B-05D27C3273DD}.SystemFiles.ActiveCfg = Release|Win32
		{2C15D588-1CD2-48D9-A08B-05D27C3273DD}.SystemFiles.Build.0 = Release|Win32
		{2C15D588-1CD2-48D9-A08B-05D27C3273DD}.UnrealScript.ActiveCfg = Release|Win32
		{2C15D588-1CD2-48D9-A08B-05D27C3273DD}.UnrealScript.Build.0 = Release|Win32
		{0943CD8E-EED4-43CE-B4AF-E9C3D753769F}.Debug.ActiveCfg = Debug|Win32
		{0943CD8E-EED4-43CE-B4AF-E9C3D753769F}.Debug.Build.0 = Debug|Win32
		{0943CD8E-EED4-43CE-B4AF-E9C3D753769F}.Debug_AMD64.ActiveCfg = Debug_AMD64|Win32
		{0943CD8E-EED4-43CE-B4AF-E9C3D753769F}.DebugDLL.ActiveCfg = Debug_AMD64|Win32
		{0943CD8E-EED4-43CE-B4AF-E9C3D753769F}.DebugSlow.ActiveCfg = DebugSlow|Win32
		{0943CD8E-EED4-43CE-B4AF-E9C3D753769F}.DebugSlow.Build.0 = DebugSlow|Win32
		{0943CD8E-EED4-43CE-B4AF-E9C3D753769F}.Profiling.ActiveCfg = Profiling|Win32
		{0943CD8E-EED4-43CE-B4AF-E9C3D753769F}.Profiling.Build.0 = Profiling|Win32
		{0943CD8E-EED4-43CE-B4AF-E9C3D753769F}.Release.ActiveCfg = Release|Win32
		{0943CD8E-EED4-43CE-B4AF-E9C3D753769F}.Release.Build.0 = Release|Win32
		{0943CD8E-EED4-43CE-B4AF-E9C3D753769F}.Release_UedDLL.ActiveCfg = Release|Win32
		{0943CD8E-EED4-43CE-B4AF-E9C3D753769F}.Release_UedDLL.Build.0 = Release|Win32
		{0943CD8E-EED4-43CE-B4AF-E9C3D753769F}.ReleaseDLL.ActiveCfg = ReleaseFast|Win32
		{0943CD8E-EED4-43CE-B4AF-E9C3D753769F}.ReleaseFast.ActiveCfg = ReleaseFast|Win32
		{0943CD8E-EED4-43CE-B4AF-E9C3D753769F}.ReleaseFast.Build.0 = ReleaseFast|Win32
		{0943CD8E-EED4-43CE-B4AF-E9C3D753769F}.SystemFiles.ActiveCfg = Debug|Win32
		{0943CD8E-EED4-43CE-B4AF-E9C3D753769F}.SystemFiles.Build.0 = Debug|Win32
		{0943CD8E-EED4-43CE-B4AF-E9C3D753769F}.UnrealScript.ActiveCfg = Debug|Win32
		{0943CD8E-EED4-43CE-B4AF-E9C3D753769F}.UnrealScript.Build.0 = Debug|Win32
		{F96152CE-8D09-4F16-A1A1-A0AA006BF618}.Debug.ActiveCfg = Debug|Win32
		{F96152CE-8D09-4F16-A1A1-A0AA006BF618}.Debug.Build.0 = Debug|Win32
		{F96152CE-8D09-4F16-A1A1-A0AA006BF618}.Debug_AMD64.ActiveCfg = Debug_AMD64|Win32
		{F96152CE-8D09-4F16-A1A1-A0AA006BF618}.Debug_AMD64.Build.0 = Debug_AMD64|Win32
		{F96152CE-8D09-4F16-A1A1-A0AA006BF618}.DebugDLL.ActiveCfg = Debug_AMD64|Win32
		{F96152CE-8D09-4F16-A1A1-A0AA006BF618}.DebugSlow.ActiveCfg = DebugSlow|Win32
		{F96152CE-8D09-4F16-A1A1-A0AA006BF618}.DebugSlow.Build.0 = DebugSlow|Win32
		{F96152CE-8D09-4F16-A1A1-A0AA006BF618}.Profiling.ActiveCfg = Profiling|Win32
		{F96152CE-8D09-4F16-A1A1-A0AA006BF618}.Profiling.Build.0 = Profiling|Win32
		{F96152CE-8D09-4F16-A1A1-A0AA006BF618}.Release.ActiveCfg = Release|Win32
		{F96152CE-8D09-4F16-A1A1-A0AA006BF618}.Release.Build.0 = Release|Win32
		{F96152CE-8D09-4F16-A1A1-A0AA006BF618}.Release_UedDLL.ActiveCfg = Release|Win32
		{F96152CE-8D09-4F16-A1A1-A0AA006BF618}.Release_UedDLL.Build.0 = Release|Win32
		{F96152CE-8D09-4F16-A1A1-A0AA006BF618}.ReleaseDLL.ActiveCfg = ReleaseFast|Win32
		{F96152CE-8D09-4F16-A1A1-A0AA006BF618}.ReleaseFast.ActiveCfg = ReleaseFast|Win32
		{F96152CE-8D09-4F16-A1A1-A0AA006BF618}.ReleaseFast.Build.0 = ReleaseFast|Win32
		{F96152CE-8D09-4F16-A1A1-A0AA006BF618}.SystemFiles.ActiveCfg = Debug|Win32
		{F96152CE-8D09-4F16-A1A1-A0AA006BF618}.SystemFiles.Build.0 = Debug|Win32
		{F96152CE-8D09-4F16-A1A1-A0AA006BF618}.UnrealScript.ActiveCfg = Debug|Win32
		{F96152CE-8D09-4F16-A1A1-A0AA006BF618}.UnrealScript.Build.0 = Debug|Win32
		{F0FC2F91-1AE6-4C35-9C15-299CD354AAA4}.Debug.ActiveCfg = Debug|Win32
		{F0FC2F91-1AE6-4C35-9C15-299CD354AAA4}.Debug.Build.0 = Debug|Win32
		{F0FC2F91-1AE6-4C35-9C15-299CD354AAA4}.Debug_AMD64.ActiveCfg = Debug_AMD64|Win32
		{F0FC2F91-1AE6-4C35-9C15-299CD354AAA4}.Debug_AMD64.Build.0 = Debug_AMD64|Win32
		{F0FC2F91-1AE6-4C35-9C15-299CD354AAA4}.DebugDLL.ActiveCfg = Debug_AMD64|Win32
		{F0FC2F91-1AE6-4C35-9C15-299CD354AAA4}.DebugSlow.ActiveCfg = DebugSlow|Win32
		{F0FC2F91-1AE6-4C35-9C15-299CD354AAA4}.DebugSlow.Build.0 = DebugSlow|Win32
		{F0FC2F91-1AE6-4C35-9C15-299CD354AAA4}.Profiling.ActiveCfg = Profiling|Win32
		{F0FC2F91-1AE6-4C35-9C15-299CD354AAA4}.Profiling.Build.0 = Profiling|Win32
		{F0FC2F91-1AE6-4C35-9C15-299CD354AAA4}.Release.ActiveCfg = Release|Win32
		{F0FC2F91-1AE6-4C35-9C15-299CD354AAA4}.Release.Build.0 = Release|Win32
		{F0FC2F91-1AE6-4C35-9C15-299CD354AAA4}.Release_UedDLL.ActiveCfg = Release|Win32
		{F0FC2F91-1AE6-4C35-9C15-299CD354AAA4}.Release_UedDLL.Build.0 = Release|Win32
		{F0FC2F91-1AE6-4C35-9C15-299CD354AAA4}.ReleaseDLL.ActiveCfg = ReleaseFast|Win32
		{F0FC2F91-1AE6-4C35-9C15-299CD354AAA4}.ReleaseFast.ActiveCfg = ReleaseFast|Win32
		{F0FC2F91-1AE6-4C35-9C15-299CD354AAA4}.ReleaseFast.Build.0 = ReleaseFast|Win32
		{F0FC2F91-1AE6-4C35-9C15-299CD354AAA4}.SystemFiles.ActiveCfg = Release|Win32
		{F0FC2F91-1AE6-4C35-9C15-299CD354AAA4}.SystemFiles.Build.0 = Release|Win32
		{F0FC2F91-1AE6-4C35-9C15-299CD354AAA4}.UnrealScript.ActiveCfg = Release|Win32
		{F0FC2F91-1AE6-4C35-9C15-299CD354AAA4}.UnrealScript.Build.0 = Release|Win32
		{D8722A3B-C147-4DD2-AFE0-A6593E7DF213}.Debug.ActiveCfg = Debug|Win32
		{D8722A3B-C147-4DD2-AFE0-A6593E7DF213}.Debug.Build.0 = Debug|Win32
		{D8722A3B-C147-4DD2-AFE0-A6593E7DF213}.Debug_AMD64.ActiveCfg = Debug_AMD64|Win32
		{D8722A3B-C147-4DD2-AFE0-A6593E7DF213}.Debug_AMD64.Build.0 = Debug_AMD64|Win32
		{D8722A3B-C147-4DD2-AFE0-A6593E7DF213}.DebugDLL.ActiveCfg = Debug_AMD64|Win32
		{D8722A3B-C147-4DD2-AFE0-A6593E7DF213}.DebugSlow.ActiveCfg = DebugSlow|Win32
		{D8722A3B-C147-4DD2-AFE0-A6593E7DF213}.DebugSlow.Build.0 = DebugSlow|Win32
		{D8722A3B-C147-4DD2-AFE0-A6593E7DF213}.Profiling.ActiveCfg = Profiling|Win32
		{D8722A3B-C147-4DD2-AFE0-A6593E7DF213}.Profiling.Build.0 = Profiling|Win32
		{D8722A3B-C147-4DD2-AFE0-A6593E7DF213}.Release.ActiveCfg = Release|Win32
		{D8722A3B-C147-4DD2-AFE0-A6593E7DF213}.Release.Build.0 = Release|Win32
		{D8722A3B-C147-4DD2-AFE0-A6593E7DF213}.Release_UedDLL.ActiveCfg = Release|Win32
		{D8722A3B-C147-4DD2-AFE0-A6593E7DF213}.Release_UedDLL.Build.0 = Release|Win32
		{D8722A3B-C147-4DD2-AFE0-A6593E7DF213}.ReleaseDLL.ActiveCfg = ReleaseFast|Win32
		{D8722A3B-C147-4DD2-AFE0-A6593E7DF213}.ReleaseFast.ActiveCfg = ReleaseFast|Win32
		{D8722A3B-C147-4DD2-AFE0-A6593E7DF213}.ReleaseFast.Build.0 = ReleaseFast|Win32
		{D8722A3B-C147-4DD2-AFE0-A6593E7DF213}.SystemFiles.ActiveCfg = Release|Win32
		{D8722A3B-C147-4DD2-AFE0-A6593E7DF213}.SystemFiles.Build.0 = Release|Win32
		{D8722A3B-C147-4DD2-AFE0-A6593E7DF213}.UnrealScript.ActiveCfg = Release|Win32
		{D8722A3B-C147-4DD2-AFE0-A6593E7DF213}.UnrealScript.Build.0 = Release|Win32
		{CB0676C7-F9BF-47E6-9BEE-894C8E440DE9}.Debug.ActiveCfg = UnrealScript|Win32
		{CB0676C7-F9BF-47E6-9BEE-894C8E440DE9}.Debug_AMD64.ActiveCfg = Debug_AMD64|Win32
		{CB0676C7-F9BF-47E6-9BEE-894C8E440DE9}.DebugDLL.ActiveCfg = Debug_AMD64|Win32
		{CB0676C7-F9BF-47E6-9BEE-894C8E440DE9}.DebugSlow.ActiveCfg = UnrealScript|Win32
		{CB0676C7-F9BF-47E6-9BEE-894C8E440DE9}.Profiling.ActiveCfg = UnrealScript|Win32
		{CB0676C7-F9BF-47E6-9BEE-894C8E440DE9}.Release.ActiveCfg = UnrealScript|Win32
		{CB0676C7-F9BF-47E6-9BEE-894C8E440DE9}.Release_UedDLL.ActiveCfg = UnrealScript|Win32
		{CB0676C7-F9BF-47E6-9BEE-894C8E440DE9}.ReleaseDLL.ActiveCfg = Debug_AMD64|Win32
		{CB0676C7-F9BF-47E6-9BEE-894C8E440DE9}.ReleaseFast.ActiveCfg = UnrealScript|Win32
		{CB0676C7-F9BF-47E6-9BEE-894C8E440DE9}.SystemFiles.ActiveCfg = UnrealScript|Win32
		{CB0676C7-F9BF-47E6-9BEE-894C8E440DE9}.SystemFiles.Build.0 = UnrealScript|Win32
		{CB0676C7-F9BF-47E6-9BEE-894C8E440DE9}.UnrealScript.ActiveCfg = UnrealScript|Win32
		{CB0676C7-F9BF-47E6-9BEE-894C8E440DE9}.UnrealScript.Build.0 = UnrealScript|Win32
		{5C8BE0C2-2D0D-4CF0-A8C2-FE059BE1161B}.Debug.ActiveCfg = Debug|Win32
		{5C8BE0C2-2D0D-4CF0-A8C2-FE059BE1161B}.Debug.Build.0 = Debug|Win32
		{5C8BE0C2-2D0D-4CF0-A8C2-FE059BE1161B}.Debug_AMD64.ActiveCfg = Debug_AMD64|Win32
		{5C8BE0C2-2D0D-4CF0-A8C2-FE059BE1161B}.Debug_AMD64.Build.0 = Debug_AMD64|Win32
		{5C8BE0C2-2D0D-4CF0-A8C2-FE059BE1161B}.DebugDLL.ActiveCfg = Debug_AMD64|Win32
		{5C8BE0C2-2D0D-4CF0-A8C2-FE059BE1161B}.DebugSlow.ActiveCfg = DebugSlow|Win32
		{5C8BE0C2-2D0D-4CF0-A8C2-FE059BE1161B}.DebugSlow.Build.0 = DebugSlow|Win32
		{5C8BE0C2-2D0D-4CF0-A8C2-FE059BE1161B}.Profiling.ActiveCfg = Profiling|Win32
		{5C8BE0C2-2D0D-4CF0-A8C2-FE059BE1161B}.Profiling.Build.0 = Profiling|Win32
		{5C8BE0C2-2D0D-4CF0-A8C2-FE059BE1161B}.Release.ActiveCfg = Release|Win32
		{5C8BE0C2-2D0D-4CF0-A8C2-FE059BE1161B}.Release.Build.0 = Release|Win32
		{5C8BE0C2-2D0D-4CF0-A8C2-FE059BE1161B}.Release_UedDLL.ActiveCfg = Release|Win32
		{5C8BE0C2-2D0D-4CF0-A8C2-FE059BE1161B}.Release_UedDLL.Build.0 = Release|Win32
		{5C8BE0C2-2D0D-4CF0-A8C2-FE059BE1161B}.ReleaseDLL.ActiveCfg = ReleaseFast|Win32
		{5C8BE0C2-2D0D-4CF0-A8C2-FE059BE1161B}.ReleaseFast.ActiveCfg = ReleaseFast|Win32
		{5C8BE0C2-2D0D-4CF0-A8C2-FE059BE1161B}.ReleaseFast.Build.0 = ReleaseFast|Win32
		{5C8BE0C2-2D0D-4CF0-A8C2-FE059BE1161B}.SystemFiles.ActiveCfg = Debug|Win32
		{5C8BE0C2-2D0D-4CF0-A8C2-FE059BE1161B}.SystemFiles.Build.0 = Debug|Win32
		{5C8BE0C2-2D0D-4CF0-A8C2-FE059BE1161B}.UnrealScript.ActiveCfg = Debug|Win32
		{5C8BE0C2-2D0D-4CF0-A8C2-FE059BE1161B}.UnrealScript.Build.0 = Debug|Win32
		{19886B8D-9B0C-491E-8C71-2579B4D52761}.Debug.ActiveCfg = Debug|Win32
		{19886B8D-9B0C-491E-8C71-2579B4D52761}.Debug.Build.0 = Debug|Win32
		{19886B8D-9B0C-491E-8C71-2579B4D52761}.Debug_AMD64.ActiveCfg = Debug_AMD64|Win32
		{19886B8D-9B0C-491E-8C71-2579B4D52761}.Debug_AMD64.Build.0 = Debug_AMD64|Win32
		{19886B8D-9B0C-491E-8C71-2579B4D52761}.DebugDLL.ActiveCfg = Debug_AMD64|Win32
		{19886B8D-9B0C-491E-8C71-2579B4D52761}.DebugSlow.ActiveCfg = DebugSlow|Win32
		{19886B8D-9B0C-491E-8C71-2579B4D52761}.DebugSlow.Build.0 = DebugSlow|Win32
		{19886B8D-9B0C-491E-8C71-2579B4D52761}.Profiling.ActiveCfg = Profiling|Win32
		{19886B8D-9B0C-491E-8C71-2579B4D52761}.Profiling.Build.0 = Profiling|Win32
		{19886B8D-9B0C-491E-8C71-2579B4D52761}.Release.ActiveCfg = Release|Win32
		{19886B8D-9B0C-491E-8C71-2579B4D52761}.Release.Build.0 = Release|Win32
		{19886B8D-9B0C-491E-8C71-2579B4D52761}.Release_UedDLL.ActiveCfg = Release|Win32
		{19886B8D-9B0C-491E-8C71-2579B4D52761}.Release_UedDLL.Build.0 = Release|Win32
		{19886B8D-9B0C-491E-8C71-2579B4D52761}.ReleaseDLL.ActiveCfg = ReleaseFast|Win32
		{19886B8D-9B0C-491E-8C71-2579B4D52761}.ReleaseFast.ActiveCfg = ReleaseFast|Win32
		{19886B8D-9B0C-491E-8C71-2579B4D52761}.ReleaseFast.Build.0 = ReleaseFast|Win32
		{19886B8D-9B0C-491E-8C71-2579B4D52761}.SystemFiles.ActiveCfg = Debug|Win32
		{19886B8D-9B0C-491E-8C71-2579B4D52761}.SystemFiles.Build.0 = Debug|Win32
		{19886B8D-9B0C-491E-8C71-2579B4D52761}.UnrealScript.ActiveCfg = Debug|Win32
		{19886B8D-9B0C-491E-8C71-2579B4D52761}.UnrealScript.Build.0 = Debug|Win32
		{985FC84E-D4F3-4DAA-8E30-60766081784E}.Debug.ActiveCfg = Debug|Win32
		{985FC84E-D4F3-4DAA-8E30-60766081784E}.Debug.Build.0 = Debug|Win32
		{985FC84E-D4F3-4DAA-8E30-60766081784E}.Debug_AMD64.ActiveCfg = Debug_AMD64|Win32
		{985FC84E-D4F3-4DAA-8E30-60766081784E}.DebugDLL.ActiveCfg = Debug_AMD64|Win32
		{985FC84E-D4F3-4DAA-8E30-60766081784E}.DebugSlow.ActiveCfg = DebugSlow|Win32
		{985FC84E-D4F3-4DAA-8E30-60766081784E}.DebugSlow.Build.0 = DebugSlow|Win32
		{985FC84E-D4F3-4DAA-8E30-60766081784E}.Profiling.ActiveCfg = Profiling|Win32
		{985FC84E-D4F3-4DAA-8E30-60766081784E}.Profiling.Build.0 = Profiling|Win32
		{985FC84E-D4F3-4DAA-8E30-60766081784E}.Release.ActiveCfg = Release|Win32
		{985FC84E-D4F3-4DAA-8E30-60766081784E}.Release.Build.0 = Release|Win32
		{985FC84E-D4F3-4DAA-8E30-60766081784E}.Release_UedDLL.ActiveCfg = Release|Win32
		{985FC84E-D4F3-4DAA-8E30-60766081784E}.Release_UedDLL.Build.0 = Release|Win32
		{985FC84E-D4F3-4DAA-8E30-60766081784E}.ReleaseDLL.ActiveCfg = ReleaseFast|Win32
		{985FC84E-D4F3-4DAA-8E30-60766081784E}.ReleaseFast.ActiveCfg = ReleaseFast|Win32
		{985FC84E-D4F3-4DAA-8E30-60766081784E}.ReleaseFast.Build.0 = ReleaseFast|Win32
		{985FC84E-D4F3-4DAA-8E30-60766081784E}.SystemFiles.ActiveCfg = Debug|Win32
		{985FC84E-D4F3-4DAA-8E30-60766081784E}.SystemFiles.Build.0 = Debug|Win32
		{985FC84E-D4F3-4DAA-8E30-60766081784E}.UnrealScript.ActiveCfg = Debug|Win32
		{985FC84E-D4F3-4DAA-8E30-60766081784E}.UnrealScript.Build.0 = Debug|Win32
		{8862AC2F-F80D-4ACD-B976-89B4497131CC}.Debug.ActiveCfg = SystemFiles|Win32
		{8862AC2F-F80D-4ACD-B976-89B4497131CC}.Debug_AMD64.ActiveCfg = Debug_AMD64|Win32
		{8862AC2F-F80D-4ACD-B976-89B4497131CC}.DebugDLL.ActiveCfg = Debug_AMD64|Win32
		{8862AC2F-F80D-4ACD-B976-89B4497131CC}.DebugSlow.ActiveCfg = SystemFiles|Win32
		{8862AC2F-F80D-4ACD-B976-89B4497131CC}.Profiling.ActiveCfg = Profiling|Win32
		{8862AC2F-F80D-4ACD-B976-89B4497131CC}.Release.ActiveCfg = SystemFiles|Win32
		{8862AC2F-F80D-4ACD-B976-89B4497131CC}.Release_UedDLL.ActiveCfg = SystemFiles|Win32
		{8862AC2F-F80D-4ACD-B976-89B4497131CC}.ReleaseDLL.ActiveCfg = Debug_AMD64|Win32
		{8862AC2F-F80D-4ACD-B976-89B4497131CC}.ReleaseFast.ActiveCfg = SystemFiles|Win32
		{8862AC2F-F80D-4ACD-B976-89B4497131CC}.SystemFiles.ActiveCfg = SystemFiles|Win32
		{8862AC2F-F80D-4ACD-B976-89B4497131CC}.SystemFiles.Build.0 = SystemFiles|Win32
		{8862AC2F-F80D-4ACD-B976-89B4497131CC}.UnrealScript.ActiveCfg = SystemFiles|Win32
		{8862AC2F-F80D-4ACD-B976-89B4497131CC}.UnrealScript.Build.0 = SystemFiles|Win32
		{5759E1C1-D00C-422D-A0C3-85D3712A569B}.Debug.ActiveCfg = Debug|Win32
		{5759E1C1-D00C-422D-A0C3-85D3712A569B}.Debug.Build.0 = Debug|Win32
		{5759E1C1-D00C-422D-A0C3-85D3712A569B}.Debug_AMD64.ActiveCfg = Debug_AMD64|Win32
		{5759E1C1-D00C-422D-A0C3-85D3712A569B}.Debug_AMD64.Build.0 = Debug_AMD64|Win32
		{5759E1C1-D00C-422D-A0C3-85D3712A569B}.DebugDLL.ActiveCfg = Debug_AMD64|Win32
		{5759E1C1-D00C-422D-A0C3-85D3712A569B}.DebugSlow.ActiveCfg = DebugSlow|Win32
		{5759E1C1-D00C-422D-A0C3-85D3712A569B}.DebugSlow.Build.0 = DebugSlow|Win32
		{5759E1C1-D00C-422D-A0C3-85D3712A569B}.Profiling.ActiveCfg = Profiling|Win32
		{5759E1C1-D00C-422D-A0C3-85D3712A569B}.Profiling.Build.0 = Profiling|Win32
		{5759E1C1-D00C-422D-A0C3-85D3712A569B}.Release.ActiveCfg = Release|Win32
		{5759E1C1-D00C-422D-A0C3-85D3712A569B}.Release.Build.0 = Release|Win32
		{5759E1C1-D00C-422D-A0C3-85D3712A569B}.Release_UedDLL.ActiveCfg = Release|Win32
		{5759E1C1-D00C-422D-A0C3-85D3712A569B}.Release_UedDLL.Build.0 = Release|Win32
		{5759E1C1-D00C-422D-A0C3-85D3712A569B}.ReleaseDLL.ActiveCfg = ReleaseFast|Win32
		{5759E1C1-D00C-422D-A0C3-85D3712A569B}.ReleaseFast.ActiveCfg = ReleaseFast|Win32
		{5759E1C1-D00C-422D-A0C3-85D3712A569B}.ReleaseFast.Build.0 = ReleaseFast|Win32
		{5759E1C1-D00C-422D-A0C3-85D3712A569B}.SystemFiles.ActiveCfg = Debug|Win32
		{5759E1C1-D00C-422D-A0C3-85D3712A569B}.SystemFiles.Build.0 = Debug|Win32
		{5759E1C1-D00C-422D-A0C3-85D3712A569B}.UnrealScript.ActiveCfg = Debug|Win32
		{5759E1C1-D00C-422D-A0C3-85D3712A569B}.UnrealScript.Build.0 = Debug|Win32
		{3AE30374-88A2-4127-8A09-9C43FBE04DD0}.Debug.ActiveCfg = Debug|Win32
		{3AE30374-88A2-4127-8A09-9C43FBE04DD0}.Debug.Build.0 = Debug|Win32
		{3AE30374-88A2-4127-8A09-9C43FBE04DD0}.Debug_AMD64.ActiveCfg = Debug_AMD64|Win32
		{3AE30374-88A2-4127-8A09-9C43FBE04DD0}.Debug_AMD64.Build.0 = Debug_AMD64|Win32
		{3AE30374-88A2-4127-8A09-9C43FBE04DD0}.DebugDLL.ActiveCfg = Debug_AMD64|Win32
		{3AE30374-88A2-4127-8A09-9C43FBE04DD0}.DebugSlow.ActiveCfg = DebugSlow|Win32
		{3AE30374-88A2-4127-8A09-9C43FBE04DD0}.DebugSlow.Build.0 = DebugSlow|Win32
		{3AE30374-88A2-4127-8A09-9C43FBE04DD0}.Profiling.ActiveCfg = Profiling|Win32
		{3AE30374-88A2-4127-8A09-9C43FBE04DD0}.Profiling.Build.0 = Profiling|Win32
		{3AE30374-88A2-4127-8A09-9C43FBE04DD0}.Release.ActiveCfg = Release|Win32
		{3AE30374-88A2-4127-8A09-9C43FBE04DD0}.Release.Build.0 = Release|Win32
		{3AE30374-88A2-4127-8A09-9C43FBE04DD0}.Release_UedDLL.ActiveCfg = Release|Win32
		{3AE30374-88A2-4127-8A09-9C43FBE04DD0}.Release_UedDLL.Build.0 = Release|Win32
		{3AE30374-88A2-4127-8A09-9C43FBE04DD0}.ReleaseDLL.ActiveCfg = ReleaseFast|Win32
		{3AE30374-88A2-4127-8A09-9C43FBE04DD0}.ReleaseFast.ActiveCfg = ReleaseFast|Win32
		{3AE30374-88A2-4127-8A09-9C43FBE04DD0}.ReleaseFast.Build.0 = ReleaseFast|Win32
		{3AE30374-88A2-4127-8A09-9C43FBE04DD0}.SystemFiles.ActiveCfg = Release|Win32
		{3AE30374-88A2-4127-8A09-9C43FBE04DD0}.SystemFiles.Build.0 = Release|Win32
		{3AE30374-88A2-4127-8A09-9C43FBE04DD0}.UnrealScript.ActiveCfg = Release|Win32
		{3AE30374-88A2-4127-8A09-9C43FBE04DD0}.UnrealScript.Build.0 = Release|Win32
		{922BD254-02F8-4351-8A64-65A0085FC27E}.Debug.ActiveCfg = Debug|Win32
		{922BD254-02F8-4351-8A64-65A0085FC27E}.Debug.Build.0 = Debug|Win32
		{922BD254-02F8-4351-8A64-65A0085FC27E}.Debug_AMD64.ActiveCfg = Debug_AMD64|Win32
		{922BD254-02F8-4351-8A64-65A0085FC27E}.DebugDLL.ActiveCfg = Debug_AMD64|Win32
		{922BD254-02F8-4351-8A64-65A0085FC27E}.DebugSlow.ActiveCfg = DebugSlow|Win32
		{922BD254-02F8-4351-8A64-65A0085FC27E}.DebugSlow.Build.0 = DebugSlow|Win32
		{922BD254-02F8-4351-8A64-65A0085FC27E}.Profiling.ActiveCfg = Profiling|Win32
		{922BD254-02F8-4351-8A64-65A0085FC27E}.Profiling.Build.0 = Profiling|Win32
		{922BD254-02F8-4351-8A64-65A0085FC27E}.Release.ActiveCfg = Release|Win32
		{922BD254-02F8-4351-8A64-65A0085FC27E}.Release.Build.0 = Release|Win32
		{922BD254-02F8-4351-8A64-65A0085FC27E}.Release_UedDLL.ActiveCfg = Release|Win32
		{922BD254-02F8-4351-8A64-65A0085FC27E}.Release_UedDLL.Build.0 = Release|Win32
		{922BD254-02F8-4351-8A64-65A0085FC27E}.ReleaseDLL.ActiveCfg = ReleaseFast|Win32
		{922BD254-02F8-4351-8A64-65A0085FC27E}.ReleaseFast.ActiveCfg = ReleaseFast|Win32
		{922BD254-02F8-4351-8A64-65A0085FC27E}.ReleaseFast.Build.0 = ReleaseFast|Win32
		{922BD254-02F8-4351-8A64-65A0085FC27E}.SystemFiles.ActiveCfg = Release|Win32
		{922BD254-02F8-4351-8A64-65A0085FC27E}.SystemFiles.Build.0 = Release|Win32
		{922BD254-02F8-4351-8A64-65A0085FC27E}.UnrealScript.ActiveCfg = Release|Win32
		{922BD254-02F8-4351-8A64-65A0085FC27E}.UnrealScript.Build.0 = Release|Win32
		{2452E490-E5F9-454E-AD3B-104A8E542616}.Debug.ActiveCfg = Debug|Win32
		{2452E490-E5F9-454E-AD3B-104A8E542616}.Debug.Build.0 = Debug|Win32
		{2452E490-E5F9-454E-AD3B-104A8E542616}.Debug_AMD64.ActiveCfg = Debug_AMD64|Win32
		{2452E490-E5F9-454E-AD3B-104A8E542616}.DebugDLL.ActiveCfg = DebugDLL|Win32
		{2452E490-E5F9-454E-AD3B-104A8E542616}.DebugSlow.ActiveCfg = DebugSlow|Win32
		{2452E490-E5F9-454E-AD3B-104A8E542616}.DebugSlow.Build.0 = DebugSlow|Win32
		{2452E490-E5F9-454E-AD3B-104A8E542616}.Profiling.ActiveCfg = Profiling|Win32
		{2452E490-E5F9-454E-AD3B-104A8E542616}.Profiling.Build.0 = Profiling|Win32
		{2452E490-E5F9-454E-AD3B-104A8E542616}.Release.ActiveCfg = Release|Win32
		{2452E490-E5F9-454E-AD3B-104A8E542616}.Release.Build.0 = Release|Win32
		{2452E490-E5F9-454E-AD3B-104A8E542616}.Release_UedDLL.ActiveCfg = ReleaseDLL|Win32
		{2452E490-E5F9-454E-AD3B-104A8E542616}.Release_UedDLL.Build.0 = ReleaseDLL|Win32
		{2452E490-E5F9-454E-AD3B-104A8E542616}.ReleaseDLL.ActiveCfg = ReleaseDLL|Win32
		{2452E490-E5F9-454E-AD3B-104A8E542616}.ReleaseFast.ActiveCfg = ReleaseFast|Win32
		{2452E490-E5F9-454E-AD3B-104A8E542616}.ReleaseFast.Build.0 = ReleaseFast|Win32
		{2452E490-E5F9-454E-AD3B-104A8E542616}.SystemFiles.ActiveCfg = Debug|Win32
		{2452E490-E5F9-454E-AD3B-104A8E542616}.SystemFiles.Build.0 = Debug|Win32
		{2452E490-E5F9-454E-AD3B-104A8E542616}.UnrealScript.ActiveCfg = Debug|Win32
		{2452E490-E5F9-454E-AD3B-104A8E542616}.UnrealScript.Build.0 = Debug|Win32
		{A4835CC9-4192-4E8D-8701-CF0F5C56D76D}.Debug.ActiveCfg = UnrealScript|Win32
		{A4835CC9-4192-4E8D-8701-CF0F5C56D76D}.Debug_AMD64.ActiveCfg = Debug_AMD64|Win32
		{A4835CC9-4192-4E8D-8701-CF0F5C56D76D}.DebugDLL.ActiveCfg = Debug_AMD64|Win32
		{A4835CC9-4192-4E8D-8701-CF0F5C56D76D}.DebugSlow.ActiveCfg = UnrealScript|Win32
		{A4835CC9-4192-4E8D-8701-CF0F5C56D76D}.Profiling.ActiveCfg = UnrealScript|Win32
		{A4835CC9-4192-4E8D-8701-CF0F5C56D76D}.Release.ActiveCfg = UnrealScript|Win32
		{A4835CC9-4192-4E8D-8701-CF0F5C56D76D}.Release_UedDLL.ActiveCfg = UnrealScript|Win32
		{A4835CC9-4192-4E8D-8701-CF0F5C56D76D}.ReleaseDLL.ActiveCfg = Debug_AMD64|Win32
		{A4835CC9-4192-4E8D-8701-CF0F5C56D76D}.ReleaseFast.ActiveCfg = UnrealScript|Win32
		{A4835CC9-4192-4E8D-8701-CF0F5C56D76D}.SystemFiles.ActiveCfg = UnrealScript|Win32
		{A4835CC9-4192-4E8D-8701-CF0F5C56D76D}.SystemFiles.Build.0 = UnrealScript|Win32
		{A4835CC9-4192-4E8D-8701-CF0F5C56D76D}.UnrealScript.ActiveCfg = UnrealScript|Win32
		{A4835CC9-4192-4E8D-8701-CF0F5C56D76D}.UnrealScript.Build.0 = UnrealScript|Win32
		{7DC9CBBB-ADAF-4A79-B635-E658F8502699}.Debug.ActiveCfg = Debug|Win32
		{7DC9CBBB-ADAF-4A79-B635-E658F8502699}.Debug.Build.0 = Debug|Win32
		{7DC9CBBB-ADAF-4A79-B635-E658F8502699}.Debug_AMD64.ActiveCfg = Debug_AMD64|Win32
		{7DC9CBBB-ADAF-4A79-B635-E658F8502699}.Debug_AMD64.Build.0 = Debug_AMD64|Win32
		{7DC9CBBB-ADAF-4A79-B635-E658F8502699}.DebugDLL.ActiveCfg = Debug_AMD64|Win32
		{7DC9CBBB-ADAF-4A79-B635-E658F8502699}.DebugSlow.ActiveCfg = DebugSlow|Win32
		{7DC9CBBB-ADAF-4A79-B635-E658F8502699}.DebugSlow.Build.0 = DebugSlow|Win32
		{7DC9CBBB-ADAF-4A79-B635-E658F8502699}.Profiling.ActiveCfg = Profiling|Win32
		{7DC9CBBB-ADAF-4A79-B635-E658F8502699}.Profiling.Build.0 = Profiling|Win32
		{7DC9CBBB-ADAF-4A79-B635-E658F8502699}.Release.ActiveCfg = Release|Win32
		{7DC9CBBB-ADAF-4A79-B635-E658F8502699}.Release.Build.0 = Release|Win32
		{7DC9CBBB-ADAF-4A79-B635-E658F8502699}.Release_UedDLL.ActiveCfg = Release|Win32
		{7DC9CBBB-ADAF-4A79-B635-E658F8502699}.Release_UedDLL.Build.0 = Release|Win32
		{7DC9CBBB-ADAF-4A79-B635-E658F8502699}.ReleaseDLL.ActiveCfg = ReleaseFast|Win32
		{7DC9CBBB-ADAF-4A79-B635-E658F8502699}.ReleaseFast.ActiveCfg = ReleaseFast|Win32
		{7DC9CBBB-ADAF-4A79-B635-E658F8502699}.ReleaseFast.Build.0 = ReleaseFast|Win32
		{7DC9CBBB-ADAF-4A79-B635-E658F8502699}.SystemFiles.ActiveCfg = Debug|Win32
		{7DC9CBBB-ADAF-4A79-B635-E658F8502699}.SystemFiles.Build.0 = Debug|Win32
		{7DC9CBBB-ADAF-4A79-B635-E658F8502699}.UnrealScript.ActiveCfg = Debug|Win32
		{7DC9CBBB-ADAF-4A79-B635-E658F8502699}.UnrealScript.Build.0 = Debug|Win32
		{09ECE27B-D4E0-4974-B049-FC7316B2E71C}.Debug.ActiveCfg = Debug|Win32
		{09ECE27B-D4E0-4974-B049-FC7316B2E71C}.Debug.Build.0 = Debug|Win32
		{09ECE27B-D4E0-4974-B049-FC7316B2E71C}.Debug_AMD64.ActiveCfg = Debug_AMD64|Win32
		{09ECE27B-D4E0-4974-B049-FC7316B2E71C}.Debug_AMD64.Build.0 = Debug_AMD64|Win32
		{09ECE27B-D4E0-4974-B049-FC7316B2E71C}.DebugDLL.ActiveCfg = Debug_AMD64|Win32
		{09ECE27B-D4E0-4974-B049-FC7316B2E71C}.DebugSlow.ActiveCfg = DebugSlow|Win32
		{09ECE27B-D4E0-4974-B049-FC7316B2E71C}.DebugSlow.Build.0 = DebugSlow|Win32
		{09ECE27B-D4E0-4974-B049-FC7316B2E71C}.Profiling.ActiveCfg = Profiling|Win32
		{09ECE27B-D4E0-4974-B049-FC7316B2E71C}.Profiling.Build.0 = Profiling|Win32
		{09ECE27B-D4E0-4974-B049-FC7316B2E71C}.Release.ActiveCfg = Release|Win32
		{09ECE27B-D4E0-4974-B049-FC7316B2E71C}.Release.Build.0 = Release|Win32
		{09ECE27B-D4E0-4974-B049-FC7316B2E71C}.Release_UedDLL.ActiveCfg = Release|Win32
		{09ECE27B-D4E0-4974-B049-FC7316B2E71C}.Release_UedDLL.Build.0 = Release|Win32
		{09ECE27B-D4E0-4974-B049-FC7316B2E71C}.ReleaseDLL.ActiveCfg = ReleaseFast|Win32
		{09ECE27B-D4E0-4974-B049-FC7316B2E71C}.ReleaseFast.ActiveCfg = ReleaseFast|Win32
		{09ECE27B-D4E0-4974-B049-FC7316B2E71C}.ReleaseFast.Build.0 = ReleaseFast|Win32
		{09ECE27B-D4E0-4974-B049-FC7316B2E71C}.SystemFiles.ActiveCfg = Debug|Win32
		{09ECE27B-D4E0-4974-B049-FC7316B2E71C}.SystemFiles.Build.0 = Debug|Win32
		{09ECE27B-D4E0-4974-B049-FC7316B2E71C}.UnrealScript.ActiveCfg = Debug|Win32
		{09ECE27B-D4E0-4974-B049-FC7316B2E71C}.UnrealScript.Build.0 = Debug|Win32
		{2B557D11-94C2-4045-840A-ACA1101475DC}.Debug.ActiveCfg = UnrealScript|Win32
		{2B557D11-94C2-4045-840A-ACA1101475DC}.Debug_AMD64.ActiveCfg = Debug_AMD64|Win32
		{2B557D11-94C2-4045-840A-ACA1101475DC}.DebugDLL.ActiveCfg = Debug_AMD64|Win32
		{2B557D11-94C2-4045-840A-ACA1101475DC}.DebugSlow.ActiveCfg = UnrealScript|Win32
		{2B557D11-94C2-4045-840A-ACA1101475DC}.Profiling.ActiveCfg = UnrealScript|Win32
		{2B557D11-94C2-4045-840A-ACA1101475DC}.Release.ActiveCfg = UnrealScript|Win32
		{2B557D11-94C2-4045-840A-ACA1101475DC}.Release_UedDLL.ActiveCfg = UnrealScript|Win32
		{2B557D11-94C2-4045-840A-ACA1101475DC}.ReleaseDLL.ActiveCfg = Debug_AMD64|Win32
		{2B557D11-94C2-4045-840A-ACA1101475DC}.ReleaseFast.ActiveCfg = UnrealScript|Win32
		{2B557D11-94C2-4045-840A-ACA1101475DC}.SystemFiles.ActiveCfg = UnrealScript|Win32
		{2B557D11-94C2-4045-840A-ACA1101475DC}.SystemFiles.Build.0 = UnrealScript|Win32
		{2B557D11-94C2-4045-840A-ACA1101475DC}.UnrealScript.ActiveCfg = UnrealScript|Win32
		{2B557D11-94C2-4045-840A-ACA1101475DC}.UnrealScript.Build.0 = UnrealScript|Win32
		{BCF8B4BD-E3BA-4C62-B4BB-15F012C6D331}.Debug.ActiveCfg = Debug|Win32
		{BCF8B4BD-E3BA-4C62-B4BB-15F012C6D331}.Debug.Build.0 = Debug|Win32
		{BCF8B4BD-E3BA-4C62-B4BB-15F012C6D331}.Debug_AMD64.ActiveCfg = Debug_AMD64|Win32
		{BCF8B4BD-E3BA-4C62-B4BB-15F012C6D331}.Debug_AMD64.Build.0 = Debug_AMD64|Win32
		{BCF8B4BD-E3BA-4C62-B4BB-15F012C6D331}.DebugDLL.ActiveCfg = Debug_AMD64|Win32
		{BCF8B4BD-E3BA-4C62-B4BB-15F012C6D331}.DebugSlow.ActiveCfg = DebugSlow|Win32
		{BCF8B4BD-E3BA-4C62-B4BB-15F012C6D331}.DebugSlow.Build.0 = DebugSlow|Win32
		{BCF8B4BD-E3BA-4C62-B4BB-15F012C6D331}.Profiling.ActiveCfg = Profiling|Win32
		{BCF8B4BD-E3BA-4C62-B4BB-15F012C6D331}.Profiling.Build.0 = Profiling|Win32
		{BCF8B4BD-E3BA-4C62-B4BB-15F012C6D331}.Release.ActiveCfg = Release|Win32
		{BCF8B4BD-E3BA-4C62-B4BB-15F012C6D331}.Release.Build.0 = Release|Win32
		{BCF8B4BD-E3BA-4C62-B4BB-15F012C6D331}.Release_UedDLL.ActiveCfg = Release|Win32
		{BCF8B4BD-E3BA-4C62-B4BB-15F012C6D331}.Release_UedDLL.Build.0 = Release|Win32
		{BCF8B4BD-E3BA-4C62-B4BB-15F012C6D331}.ReleaseDLL.ActiveCfg = ReleaseFast|Win32
		{BCF8B4BD-E3BA-4C62-B4BB-15F012C6D331}.ReleaseFast.ActiveCfg = ReleaseFast|Win32
		{BCF8B4BD-E3BA-4C62-B4BB-15F012C6D331}.ReleaseFast.Build.0 = ReleaseFast|Win32
		{BCF8B4BD-E3BA-4C62-B4BB-15F012C6D331}.SystemFiles.ActiveCfg = Release|Win32
		{BCF8B4BD-E3BA-4C62-B4BB-15F012C6D331}.SystemFiles.Build.0 = Release|Win32
		{BCF8B4BD-E3BA-4C62-B4BB-15F012C6D331}.UnrealScript.ActiveCfg = Release|Win32
		{BCF8B4BD-E3BA-4C62-B4BB-15F012C6D331}.UnrealScript.Build.0 = Release|Win32
		{B3878A99-0F64-489C-A3FB-9C95CF995138}.Debug.ActiveCfg = UnrealScript|Win32
		{B3878A99-0F64-489C-A3FB-9C95CF995138}.Debug_AMD64.ActiveCfg = Debug_AMD64|Win32
		{B3878A99-0F64-489C-A3FB-9C95CF995138}.DebugDLL.ActiveCfg = Debug_AMD64|Win32
		{B3878A99-0F64-489C-A3FB-9C95CF995138}.DebugSlow.ActiveCfg = UnrealScript|Win32
		{B3878A99-0F64-489C-A3FB-9C95CF995138}.Profiling.ActiveCfg = UnrealScript|Win32
		{B3878A99-0F64-489C-A3FB-9C95CF995138}.Release.ActiveCfg = UnrealScript|Win32
		{B3878A99-0F64-489C-A3FB-9C95CF995138}.Release_UedDLL.ActiveCfg = UnrealScript|Win32
		{B3878A99-0F64-489C-A3FB-9C95CF995138}.ReleaseDLL.ActiveCfg = Debug_AMD64|Win32
		{B3878A99-0F64-489C-A3FB-9C95CF995138}.ReleaseFast.ActiveCfg = UnrealScript|Win32
		{B3878A99-0F64-489C-A3FB-9C95CF995138}.SystemFiles.ActiveCfg = UnrealScript|Win32
		{B3878A99-0F64-489C-A3FB-9C95CF995138}.SystemFiles.Build.0 = UnrealScript|Win32
		{B3878A99-0F64-489C-A3FB-9C95CF995138}.UnrealScript.ActiveCfg = UnrealScript|Win32
		{B3878A99-0F64-489C-A3FB-9C95CF995138}.UnrealScript.Build.0 = UnrealScript|Win32
		{687C1A13-0481-412B-B6FB-BCA8A5DCB29C}.Debug.ActiveCfg = Debug|Win32
		{687C1A13-0481-412B-B6FB-BCA8A5DCB29C}.Debug.Build.0 = Debug|Win32
		{687C1A13-0481-412B-B6FB-BCA8A5DCB29C}.Debug_AMD64.ActiveCfg = Debug_AMD64|Win32
		{687C1A13-0481-412B-B6FB-BCA8A5DCB29C}.Debug_AMD64.Build.0 = Debug_AMD64|Win32
		{687C1A13-0481-412B-B6FB-BCA8A5DCB29C}.DebugDLL.ActiveCfg = Debug_AMD64|Win32
		{687C1A13-0481-412B-B6FB-BCA8A5DCB29C}.DebugSlow.ActiveCfg = DebugSlow|Win32
		{687C1A13-0481-412B-B6FB-BCA8A5DCB29C}.DebugSlow.Build.0 = DebugSlow|Win32
		{687C1A13-0481-412B-B6FB-BCA8A5DCB29C}.Profiling.ActiveCfg = Profiling|Win32
		{687C1A13-0481-412B-B6FB-BCA8A5DCB29C}.Profiling.Build.0 = Profiling|Win32
		{687C1A13-0481-412B-B6FB-BCA8A5DCB29C}.Release.ActiveCfg = Release|Win32
		{687C1A13-0481-412B-B6FB-BCA8A5DCB29C}.Release.Build.0 = Release|Win32
		{687C1A13-0481-412B-B6FB-BCA8A5DCB29C}.Release_UedDLL.ActiveCfg = Release|Win32
		{687C1A13-0481-412B-B6FB-BCA8A5DCB29C}.Release_UedDLL.Build.0 = Release|Win32
		{687C1A13-0481-412B-B6FB-BCA8A5DCB29C}.ReleaseDLL.ActiveCfg = ReleaseFast|Win32
		{687C1A13-0481-412B-B6FB-BCA8A5DCB29C}.ReleaseFast.ActiveCfg = ReleaseFast|Win32
		{687C1A13-0481-412B-B6FB-BCA8A5DCB29C}.ReleaseFast.Build.0 = ReleaseFast|Win32
		{687C1A13-0481-412B-B6FB-BCA8A5DCB29C}.SystemFiles.ActiveCfg = Release|Win32
		{687C1A13-0481-412B-B6FB-BCA8A5DCB29C}.SystemFiles.Build.0 = Release|Win32
		{687C1A13-0481-412B-B6FB-BCA8A5DCB29C}.UnrealScript.ActiveCfg = Release|Win32
		{687C1A13-0481-412B-B6FB-BCA8A5DCB29C}.UnrealScript.Build.0 = Release|Win32
		{432F09A8-B6D8-4D6C-9176-C4D604CE05BB}.Debug.ActiveCfg = UnrealScript|Win32
		{432F09A8-B6D8-4D6C-9176-C4D604CE05BB}.Debug_AMD64.ActiveCfg = Debug_AMD64|Win32
		{432F09A8-B6D8-4D6C-9176-C4D604CE05BB}.DebugDLL.ActiveCfg = Debug_AMD64|Win32
		{432F09A8-B6D8-4D6C-9176-C4D604CE05BB}.DebugSlow.ActiveCfg = UnrealScript|Win32
		{432F09A8-B6D8-4D6C-9176-C4D604CE05BB}.Profiling.ActiveCfg = UnrealScript|Win32
		{432F09A8-B6D8-4D6C-9176-C4D604CE05BB}.Release.ActiveCfg = UnrealScript|Win32
		{432F09A8-B6D8-4D6C-9176-C4D604CE05BB}.Release_UedDLL.ActiveCfg = UnrealScript|Win32
		{432F09A8-B6D8-4D6C-9176-C4D604CE05BB}.ReleaseDLL.ActiveCfg = Debug_AMD64|Win32
		{432F09A8-B6D8-4D6C-9176-C4D604CE05BB}.ReleaseFast.ActiveCfg = UnrealScript|Win32
		{432F09A8-B6D8-4D6C-9176-C4D604CE05BB}.SystemFiles.ActiveCfg = UnrealScript|Win32
		{432F09A8-B6D8-4D6C-9176-C4D604CE05BB}.SystemFiles.Build.0 = UnrealScript|Win32
		{432F09A8-B6D8-4D6C-9176-C4D604CE05BB}.UnrealScript.ActiveCfg = UnrealScript|Win32
		{432F09A8-B6D8-4D6C-9176-C4D604CE05BB}.UnrealScript.Build.0 = UnrealScript|Win32
		{315A06EC-D373-4EA7-AD4F-85872143521E}.Debug.ActiveCfg = UnrealScript|Win32
		{315A06EC-D373-4EA7-AD4F-85872143521E}.Debug_AMD64.ActiveCfg = Debug_AMD64|Win32
		{315A06EC-D373-4EA7-AD4F-85872143521E}.DebugDLL.ActiveCfg = Debug_AMD64|Win32
		{315A06EC-D373-4EA7-AD4F-85872143521E}.DebugSlow.ActiveCfg = UnrealScript|Win32
		{315A06EC-D373-4EA7-AD4F-85872143521E}.Profiling.ActiveCfg = UnrealScript|Win32
		{315A06EC-D373-4EA7-AD4F-85872143521E}.Release.ActiveCfg = UnrealScript|Win32
		{315A06EC-D373-4EA7-AD4F-85872143521E}.Release_UedDLL.ActiveCfg = UnrealScript|Win32
		{315A06EC-D373-4EA7-AD4F-85872143521E}.ReleaseDLL.ActiveCfg = Debug_AMD64|Win32
		{315A06EC-D373-4EA7-AD4F-85872143521E}.ReleaseFast.ActiveCfg = UnrealScript|Win32
		{315A06EC-D373-4EA7-AD4F-85872143521E}.SystemFiles.ActiveCfg = UnrealScript|Win32
		{315A06EC-D373-4EA7-AD4F-85872143521E}.SystemFiles.Build.0 = UnrealScript|Win32
		{315A06EC-D373-4EA7-AD4F-85872143521E}.UnrealScript.ActiveCfg = UnrealScript|Win32
		{315A06EC-D373-4EA7-AD4F-85872143521E}.UnrealScript.Build.0 = UnrealScript|Win32
		{CB660AD1-6079-4ECC-96F8-7F1D88F4C560}.Debug.ActiveCfg = UnrealScript|Win32
		{CB660AD1-6079-4ECC-96F8-7F1D88F4C560}.Debug_AMD64.ActiveCfg = Debug_AMD64|Win32
		{CB660AD1-6079-4ECC-96F8-7F1D88F4C560}.DebugDLL.ActiveCfg = Debug_AMD64|Win32
		{CB660AD1-6079-4ECC-96F8-7F1D88F4C560}.DebugSlow.ActiveCfg = UnrealScript|Win32
		{CB660AD1-6079-4ECC-96F8-7F1D88F4C560}.Profiling.ActiveCfg = UnrealScript|Win32
		{CB660AD1-6079-4ECC-96F8-7F1D88F4C560}.Release.ActiveCfg = UnrealScript|Win32
		{CB660AD1-6079-4ECC-96F8-7F1D88F4C560}.Release_UedDLL.ActiveCfg = UnrealScript|Win32
		{CB660AD1-6079-4ECC-96F8-7F1D88F4C560}.ReleaseDLL.ActiveCfg = Debug_AMD64|Win32
		{CB660AD1-6079-4ECC-96F8-7F1D88F4C560}.ReleaseFast.ActiveCfg = UnrealScript|Win32
		{CB660AD1-6079-4ECC-96F8-7F1D88F4C560}.SystemFiles.ActiveCfg = UnrealScript|Win32
		{CB660AD1-6079-4ECC-96F8-7F1D88F4C560}.SystemFiles.Build.0 = UnrealScript|Win32
		{CB660AD1-6079-4ECC-96F8-7F1D88F4C560}.UnrealScript.ActiveCfg = UnrealScript|Win32
		{CB660AD1-6079-4ECC-96F8-7F1D88F4C560}.UnrealScript.Build.0 = UnrealScript|Win32
		{02F69EAD-9B84-4309-87F7-B71BB3D3E8D8}.Debug.ActiveCfg = UnrealScript|Win32
		{02F69EAD-9B84-4309-87F7-B71BB3D3E8D8}.Debug_AMD64.ActiveCfg = Debug_AMD64|Win32
		{02F69EAD-9B84-4309-87F7-B71BB3D3E8D8}.DebugDLL.ActiveCfg = Debug_AMD64|Win32
		{02F69EAD-9B84-4309-87F7-B71BB3D3E8D8}.DebugSlow.ActiveCfg = UnrealScript|Win32
		{02F69EAD-9B84-4309-87F7-B71BB3D3E8D8}.Profiling.ActiveCfg = UnrealScript|Win32
		{02F69EAD-9B84-4309-87F7-B71BB3D3E8D8}.Release.ActiveCfg = UnrealScript|Win32
		{02F69EAD-9B84-4309-87F7-B71BB3D3E8D8}.Release_UedDLL.ActiveCfg = UnrealScript|Win32
		{02F69EAD-9B84-4309-87F7-B71BB3D3E8D8}.ReleaseDLL.ActiveCfg = Debug_AMD64|Win32
		{02F69EAD-9B84-4309-87F7-B71BB3D3E8D8}.ReleaseFast.ActiveCfg = UnrealScript|Win32
		{02F69EAD-9B84-4309-87F7-B71BB3D3E8D8}.SystemFiles.ActiveCfg = UnrealScript|Win32
		{02F69EAD-9B84-4309-87F7-B71BB3D3E8D8}.SystemFiles.Build.0 = UnrealScript|Win32
		{02F69EAD-9B84-4309-87F7-B71BB3D3E8D8}.UnrealScript.ActiveCfg = UnrealScript|Win32
		{02F69EAD-9B84-4309-87F7-B71BB3D3E8D8}.UnrealScript.Build.0 = UnrealScript|Win32
		{0196B646-AF8F-4D83-A6B9-1FFF9EA328E6}.Debug.ActiveCfg = Debug|Win32
		{0196B646-AF8F-4D83-A6B9-1FFF9EA328E6}.Debug.Build.0 = Debug|Win32
		{0196B646-AF8F-4D83-A6B9-1FFF9EA328E6}.Debug_AMD64.ActiveCfg = Debug_AMD64|Win32
		{0196B646-AF8F-4D83-A6B9-1FFF9EA328E6}.Debug_AMD64.Build.0 = Debug_AMD64|Win32
		{0196B646-AF8F-4D83-A6B9-1FFF9EA328E6}.DebugDLL.ActiveCfg = Debug_AMD64|Win32
		{0196B646-AF8F-4D83-A6B9-1FFF9EA328E6}.DebugSlow.ActiveCfg = DebugSlow|Win32
		{0196B646-AF8F-4D83-A6B9-1FFF9EA328E6}.DebugSlow.Build.0 = DebugSlow|Win32
		{0196B646-AF8F-4D83-A6B9-1FFF9EA328E6}.Profiling.ActiveCfg = Profiling|Win32
		{0196B646-AF8F-4D83-A6B9-1FFF9EA328E6}.Profiling.Build.0 = Profiling|Win32
		{0196B646-AF8F-4D83-A6B9-1FFF9EA328E6}.Release.ActiveCfg = Release|Win32
		{0196B646-AF8F-4D83-A6B9-1FFF9EA328E6}.Release.Build.0 = Release|Win32
		{0196B646-AF8F-4D83-A6B9-1FFF9EA328E6}.Release_UedDLL.ActiveCfg = Release|Win32
		{0196B646-AF8F-4D83-A6B9-1FFF9EA328E6}.Release_UedDLL.Build.0 = Release|Win32
		{0196B646-AF8F-4D83-A6B9-1FFF9EA328E6}.ReleaseDLL.ActiveCfg = ReleaseFast|Win32
		{0196B646-AF8F-4D83-A6B9-1FFF9EA328E6}.ReleaseFast.ActiveCfg = ReleaseFast|Win32
		{0196B646-AF8F-4D83-A6B9-1FFF9EA328E6}.ReleaseFast.Build.0 = ReleaseFast|Win32
		{0196B646-AF8F-4D83-A6B9-1FFF9EA328E6}.SystemFiles.ActiveCfg = Debug|Win32
		{0196B646-AF8F-4D83-A6B9-1FFF9EA328E6}.SystemFiles.Build.0 = Debug|Win32
		{0196B646-AF8F-4D83-A6B9-1FFF9EA328E6}.UnrealScript.ActiveCfg = Debug|Win32
		{0196B646-AF8F-4D83-A6B9-1FFF9EA328E6}.UnrealScript.Build.0 = Debug|Win32
		{A51D1343-EC3C-4507-8A14-5084CDABDB52}.Debug.ActiveCfg = Debug|Win32
		{A51D1343-EC3C-4507-8A14-5084CDABDB52}.Debug.Build.0 = Debug|Win32
		{A51D1343-EC3C-4507-8A14-5084CDABDB52}.Debug_AMD64.ActiveCfg = Debug_AMD64|Win32
		{A51D1343-EC3C-4507-8A14-5084CDABDB52}.Debug_AMD64.Build.0 = Debug_AMD64|Win32
		{A51D1343-EC3C-4507-8A14-5084CDABDB52}.DebugDLL.ActiveCfg = Debug_AMD64|Win32
		{A51D1343-EC3C-4507-8A14-5084CDABDB52}.DebugSlow.ActiveCfg = DebugSlow|Win32
		{A51D1343-EC3C-4507-8A14-5084CDABDB52}.DebugSlow.Build.0 = DebugSlow|Win32
		{A51D1343-EC3C-4507-8A14-5084CDABDB52}.Profiling.ActiveCfg = Profiling|Win32
		{A51D1343-EC3C-4507-8A14-5084CDABDB52}.Profiling.Build.0 = Profiling|Win32
		{A51D1343-EC3C-4507-8A14-5084CDABDB52}.Release.ActiveCfg = Release|Win32
		{A51D1343-EC3C-4507-8A14-5084CDABDB52}.Release.Build.0 = Release|Win32
		{A51D1343-EC3C-4507-8A14-5084CDABDB52}.Release_UedDLL.ActiveCfg = Release|Win32
		{A51D1343-EC3C-4507-8A14-5084CDABDB52}.Release_UedDLL.Build.0 = Release|Win32
		{A51D1343-EC3C-4507-8A14-5084CDABDB52}.ReleaseDLL.ActiveCfg = ReleaseFast|Win32
		{A51D1343-EC3C-4507-8A14-5084CDABDB52}.ReleaseFast.ActiveCfg = ReleaseFast|Win32
		{A51D1343-EC3C-4507-8A14-5084CDABDB52}.ReleaseFast.Build.0 = ReleaseFast|Win32
		{A51D1343-EC3C-4507-8A14-5084CDABDB52}.SystemFiles.ActiveCfg = Debug|Win32
		{A51D1343-EC3C-4507-8A14-5084CDABDB52}.SystemFiles.Build.0 = Debug|Win32
		{A51D1343-EC3C-4507-8A14-5084CDABDB52}.UnrealScript.ActiveCfg = Debug|Win32
		{A51D1343-EC3C-4507-8A14-5084CDABDB52}.UnrealScript.Build.0 = Debug|Win32
		{6C09A0F5-68C1-4696-8961-26E2E6A17F19}.Debug.ActiveCfg = Debug|Win32
		{6C09A0F5-68C1-4696-8961-26E2E6A17F19}.Debug.Build.0 = Debug|Win32
		{6C09A0F5-68C1-4696-8961-26E2E6A17F19}.Debug_AMD64.ActiveCfg = Debug_AMD64|Win32
		{6C09A0F5-68C1-4696-8961-26E2E6A17F19}.Debug_AMD64.Build.0 = Debug_AMD64|Win32
		{6C09A0F5-68C1-4696-8961-26E2E6A17F19}.DebugDLL.ActiveCfg = Debug_AMD64|Win32
		{6C09A0F5-68C1-4696-8961-26E2E6A17F19}.DebugSlow.ActiveCfg = DebugSlow|Win32
		{6C09A0F5-68C1-4696-8961-26E2E6A17F19}.DebugSlow.Build.0 = DebugSlow|Win32
		{6C09A0F5-68C1-4696-8961-26E2E6A17F19}.Profiling.ActiveCfg = Profiling|Win32
		{6C09A0F5-68C1-4696-8961-26E2E6A17F19}.Profiling.Build.0 = Profiling|Win32
		{6C09A0F5-68C1-4696-8961-26E2E6A17F19}.Release.ActiveCfg = Release|Win32
		{6C09A0F5-68C1-4696-8961-26E2E6A17F19}.Release.Build.0 = Release|Win32
		{6C09A0F5-68C1-4696-8961-26E2E6A17F19}.Release_UedDLL.ActiveCfg = Release|Win32
		{6C09A0F5-68C1-4696-8961-26E2E6A17F19}.Release_UedDLL.Build.0 = Release|Win32
		{6C09A0F5-68C1-4696-8961-26E2E6A17F19}.ReleaseDLL.ActiveCfg = ReleaseFast|Win32
		{6C09A0F5-68C1-4696-8961-26E2E6A17F19}.ReleaseFast.ActiveCfg = ReleaseFast|Win32
		{6C09A0F5-68C1-4696-8961-26E2E6A17F19}.ReleaseFast.Build.0 = ReleaseFast|Win32
		{6C09A0F5-68C1-4696-8961-26E2E6A17F19}.SystemFiles.ActiveCfg = Debug|Win32
		{6C09A0F5-68C1-4696-8961-26E2E6A17F19}.SystemFiles.Build.0 = Debug|Win32
		{6C09A0F5-68C1-4696-8961-26E2E6A17F19}.UnrealScript.ActiveCfg = Debug|Win32
		{6C09A0F5-68C1-4696-8961-26E2E6A17F19}.UnrealScript.Build.0 = Debug|Win32
		{FED37248-858B-4EE9-89F9-5F2FB68C3C70}.Debug.ActiveCfg = Debug|Win32
		{FED37248-858B-4EE9-89F9-5F2FB68C3C70}.Debug.Build.0 = Debug|Win32
		{FED37248-858B-4EE9-89F9-5F2FB68C3C70}.Debug_AMD64.ActiveCfg = Debug_AMD64|Win32
		{FED37248-858B-4EE9-89F9-5F2FB68C3C70}.DebugDLL.ActiveCfg = Debug_AMD64|Win32
		{FED37248-858B-4EE9-89F9-5F2FB68C3C70}.DebugSlow.ActiveCfg = Debug|Win32
		{FED37248-858B-4EE9-89F9-5F2FB68C3C70}.DebugSlow.Build.0 = Debug|Win32
		{FED37248-858B-4EE9-89F9-5F2FB68C3C70}.Profiling.ActiveCfg = Profiling|Win32
		{FED37248-858B-4EE9-89F9-5F2FB68C3C70}.Profiling.Build.0 = Profiling|Win32
		{FED37248-858B-4EE9-89F9-5F2FB68C3C70}.Release.ActiveCfg = Release|Win32
		{FED37248-858B-4EE9-89F9-5F2FB68C3C70}.Release.Build.0 = Release|Win32
		{FED37248-858B-4EE9-89F9-5F2FB68C3C70}.Release_UedDLL.ActiveCfg = Release|Win32
		{FED37248-858B-4EE9-89F9-5F2FB68C3C70}.Release_UedDLL.Build.0 = Release|Win32
		{FED37248-858B-4EE9-89F9-5F2FB68C3C70}.ReleaseDLL.ActiveCfg = Release|Win32
		{FED37248-858B-4EE9-89F9-5F2FB68C3C70}.ReleaseFast.ActiveCfg = Release|Win32
		{FED37248-858B-4EE9-89F9-5F2FB68C3C70}.ReleaseFast.Build.0 = Release|Win32
		{FED37248-858B-4EE9-89F9-5F2FB68C3C70}.SystemFiles.ActiveCfg = Release|Win32
		{FED37248-858B-4EE9-89F9-5F2FB68C3C70}.SystemFiles.Build.0 = Release|Win32
		{FED37248-858B-4EE9-89F9-5F2FB68C3C70}.UnrealScript.ActiveCfg = Release|Win32
		{FED37248-858B-4EE9-89F9-5F2FB68C3C70}.UnrealScript.Build.0 = Release|Win32
		{8E6B21FC-32DF-4F70-AACC-0134325E06FE}.Debug.ActiveCfg = UnrealScript|Win32
		{8E6B21FC-32DF-4F70-AACC-0134325E06FE}.Debug_AMD64.ActiveCfg = Debug_AMD64|Win32
		{8E6B21FC-32DF-4F70-AACC-0134325E06FE}.DebugDLL.ActiveCfg = Debug_AMD64|Win32
		{8E6B21FC-32DF-4F70-AACC-0134325E06FE}.DebugSlow.ActiveCfg = UnrealScript|Win32
		{8E6B21FC-32DF-4F70-AACC-0134325E06FE}.Profiling.ActiveCfg = UnrealScript|Win32
		{8E6B21FC-32DF-4F70-AACC-0134325E06FE}.Release.ActiveCfg = UnrealScript|Win32
		{8E6B21FC-32DF-4F70-AACC-0134325E06FE}.Release_UedDLL.ActiveCfg = UnrealScript|Win32
		{8E6B21FC-32DF-4F70-AACC-0134325E06FE}.ReleaseDLL.ActiveCfg = Debug_AMD64|Win32
		{8E6B21FC-32DF-4F70-AACC-0134325E06FE}.ReleaseFast.ActiveCfg = UnrealScript|Win32
		{8E6B21FC-32DF-4F70-AACC-0134325E06FE}.SystemFiles.ActiveCfg = UnrealScript|Win32
		{8E6B21FC-32DF-4F70-AACC-0134325E06FE}.UnrealScript.ActiveCfg = UnrealScript|Win32
		{0B59544F-58D0-4457-B2C0-FA38E003FE38}.Debug.ActiveCfg = UnrealScript|Win32
		{0B59544F-58D0-4457-B2C0-FA38E003FE38}.Debug_AMD64.ActiveCfg = Debug_AMD64|Win32
		{0B59544F-58D0-4457-B2C0-FA38E003FE38}.DebugDLL.ActiveCfg = Debug_AMD64|Win32
		{0B59544F-58D0-4457-B2C0-FA38E003FE38}.DebugSlow.ActiveCfg = UnrealScript|Win32
		{0B59544F-58D0-4457-B2C0-FA38E003FE38}.Profiling.ActiveCfg = UnrealScript|Win32
		{0B59544F-58D0-4457-B2C0-FA38E003FE38}.Release.ActiveCfg = UnrealScript|Win32
		{0B59544F-58D0-4457-B2C0-FA38E003FE38}.Release_UedDLL.ActiveCfg = UnrealScript|Win32
		{0B59544F-58D0-4457-B2C0-FA38E003FE38}.ReleaseDLL.ActiveCfg = Debug_AMD64|Win32
		{0B59544F-58D0-4457-B2C0-FA38E003FE38}.ReleaseFast.ActiveCfg = UnrealScript|Win32
		{0B59544F-58D0-4457-B2C0-FA38E003FE38}.SystemFiles.ActiveCfg = UnrealScript|Win32
		{0B59544F-58D0-4457-B2C0-FA38E003FE38}.UnrealScript.ActiveCfg = UnrealScript|Win32
		{A6B4ECDC-50C2-4086-85F7-CB8AA44C16A1}.Debug.ActiveCfg = UnrealScript|Win32
		{A6B4ECDC-50C2-4086-85F7-CB8AA44C16A1}.Debug_AMD64.ActiveCfg = Debug_AMD64|Win32
		{A6B4ECDC-50C2-4086-85F7-CB8AA44C16A1}.DebugDLL.ActiveCfg = Debug_AMD64|Win32
		{A6B4ECDC-50C2-4086-85F7-CB8AA44C16A1}.DebugSlow.ActiveCfg = UnrealScript|Win32
		{A6B4ECDC-50C2-4086-85F7-CB8AA44C16A1}.Profiling.ActiveCfg = UnrealScript|Win32
		{A6B4ECDC-50C2-4086-85F7-CB8AA44C16A1}.Release.ActiveCfg = UnrealScript|Win32
		{A6B4ECDC-50C2-4086-85F7-CB8AA44C16A1}.Release_UedDLL.ActiveCfg = UnrealScript|Win32
		{A6B4ECDC-50C2-4086-85F7-CB8AA44C16A1}.ReleaseDLL.ActiveCfg = Debug_AMD64|Win32
		{A6B4ECDC-50C2-4086-85F7-CB8AA44C16A1}.ReleaseFast.ActiveCfg = UnrealScript|Win32
		{A6B4ECDC-50C2-4086-85F7-CB8AA44C16A1}.SystemFiles.ActiveCfg = UnrealScript|Win32
		{A6B4ECDC-50C2-4086-85F7-CB8AA44C16A1}.UnrealScript.ActiveCfg = UnrealScript|Win32
		{BD6AD13F-C4B6-476A-8763-8B1F0DE1513E}.Debug.ActiveCfg = Debug|Win32
		{BD6AD13F-C4B6-476A-8763-8B1F0DE1513E}.Debug.Build.0 = Debug|Win32
		{BD6AD13F-C4B6-476A-8763-8B1F0DE1513E}.Debug_AMD64.ActiveCfg = Debug_AMD64|Win32
		{BD6AD13F-C4B6-476A-8763-8B1F0DE1513E}.DebugDLL.ActiveCfg = Debug_AMD64|Win32
		{BD6AD13F-C4B6-476A-8763-8B1F0DE1513E}.DebugSlow.ActiveCfg = Debug|Win32
		{BD6AD13F-C4B6-476A-8763-8B1F0DE1513E}.DebugSlow.Build.0 = Debug|Win32
		{BD6AD13F-C4B6-476A-8763-8B1F0DE1513E}.Profiling.ActiveCfg = Debug|Win32
		{BD6AD13F-C4B6-476A-8763-8B1F0DE1513E}.Release.ActiveCfg = Release|Win32
		{BD6AD13F-C4B6-476A-8763-8B1F0DE1513E}.Release.Build.0 = Release|Win32
		{BD6AD13F-C4B6-476A-8763-8B1F0DE1513E}.Release_UedDLL.ActiveCfg = Release|Win32
		{BD6AD13F-C4B6-476A-8763-8B1F0DE1513E}.Release_UedDLL.Build.0 = Release|Win32
		{BD6AD13F-C4B6-476A-8763-8B1F0DE1513E}.ReleaseDLL.ActiveCfg = Release|Win32
		{BD6AD13F-C4B6-476A-8763-8B1F0DE1513E}.ReleaseFast.ActiveCfg = Release|Win32
		{BD6AD13F-C4B6-476A-8763-8B1F0DE1513E}.ReleaseFast.Build.0 = Release|Win32
		{BD6AD13F-C4B6-476A-8763-8B1F0DE1513E}.SystemFiles.ActiveCfg = Debug|Win32
		{BD6AD13F-C4B6-476A-8763-8B1F0DE1513E}.SystemFiles.Build.0 = Debug|Win32
		{BD6AD13F-C4B6-476A-8763-8B1F0DE1513E}.UnrealScript.ActiveCfg = Debug|Win32
		{BD6AD13F-C4B6-476A-8763-8B1F0DE1513E}.UnrealScript.Build.0 = Debug|Win32
		{BD7B1AF4-6AB5-40BE-B29F-2386B4489A15}.Debug.ActiveCfg = UnrealScript|Win32
		{BD7B1AF4-6AB5-40BE-B29F-2386B4489A15}.Debug.Build.0 = UnrealScript|Win32
		{BD7B1AF4-6AB5-40BE-B29F-2386B4489A15}.Debug_AMD64.ActiveCfg = Debug_AMD64|Win32
		{BD7B1AF4-6AB5-40BE-B29F-2386B4489A15}.Debug_AMD64.Build.0 = Debug_AMD64|Win32
		{BD7B1AF4-6AB5-40BE-B29F-2386B4489A15}.DebugDLL.ActiveCfg = Debug_AMD64|Win32
		{BD7B1AF4-6AB5-40BE-B29F-2386B4489A15}.DebugSlow.ActiveCfg = UnrealScript|Win32
		{BD7B1AF4-6AB5-40BE-B29F-2386B4489A15}.DebugSlow.Build.0 = UnrealScript|Win32
		{BD7B1AF4-6AB5-40BE-B29F-2386B4489A15}.Profiling.ActiveCfg = UnrealScript|Win32
		{BD7B1AF4-6AB5-40BE-B29F-2386B4489A15}.Profiling.Build.0 = UnrealScript|Win32
		{BD7B1AF4-6AB5-40BE-B29F-2386B4489A15}.Release.ActiveCfg = UnrealScript|Win32
		{BD7B1AF4-6AB5-40BE-B29F-2386B4489A15}.Release.Build.0 = UnrealScript|Win32
		{BD7B1AF4-6AB5-40BE-B29F-2386B4489A15}.Release_UedDLL.ActiveCfg = UnrealScript|Win32
		{BD7B1AF4-6AB5-40BE-B29F-2386B4489A15}.Release_UedDLL.Build.0 = UnrealScript|Win32
		{BD7B1AF4-6AB5-40BE-B29F-2386B4489A15}.ReleaseDLL.ActiveCfg = Debug_AMD64|Win32
		{BD7B1AF4-6AB5-40BE-B29F-2386B4489A15}.ReleaseFast.ActiveCfg = UnrealScript|Win32
		{BD7B1AF4-6AB5-40BE-B29F-2386B4489A15}.ReleaseFast.Build.0 = UnrealScript|Win32
		{BD7B1AF4-6AB5-40BE-B29F-2386B4489A15}.SystemFiles.ActiveCfg = UnrealScript|Win32
		{BD7B1AF4-6AB5-40BE-B29F-2386B4489A15}.SystemFiles.Build.0 = UnrealScript|Win32
		{BD7B1AF4-6AB5-40BE-B29F-2386B4489A15}.UnrealScript.ActiveCfg = UnrealScript|Win32
		{BD7B1AF4-6AB5-40BE-B29F-2386B4489A15}.UnrealScript.Build.0 = UnrealScript|Win32
		{04B2654D-F473-445E-AE3A-CEAAD3373689}.Debug.ActiveCfg = Debug|Win32
		{04B2654D-F473-445E-AE3A-CEAAD3373689}.Debug.Build.0 = Debug|Win32
		{04B2654D-F473-445E-AE3A-CEAAD3373689}.Debug_AMD64.ActiveCfg = Debug_AMD64|Win32
		{04B2654D-F473-445E-AE3A-CEAAD3373689}.Debug_AMD64.Build.0 = Debug_AMD64|Win32
		{04B2654D-F473-445E-AE3A-CEAAD3373689}.DebugDLL.ActiveCfg = Debug_AMD64|Win32
		{04B2654D-F473-445E-AE3A-CEAAD3373689}.DebugSlow.ActiveCfg = Debug|Win32
		{04B2654D-F473-445E-AE3A-CEAAD3373689}.DebugSlow.Build.0 = Debug|Win32
		{04B2654D-F473-445E-AE3A-CEAAD3373689}.Profiling.ActiveCfg = Profiling|Win32
		{04B2654D-F473-445E-AE3A-CEAAD3373689}.Profiling.Build.0 = Profiling|Win32
		{04B2654D-F473-445E-AE3A-CEAAD3373689}.Release.ActiveCfg = Release|Win32
		{04B2654D-F473-445E-AE3A-CEAAD3373689}.Release.Build.0 = Release|Win32
		{04B2654D-F473-445E-AE3A-CEAAD3373689}.Release_UedDLL.ActiveCfg = Release|Win32
		{04B2654D-F473-445E-AE3A-CEAAD3373689}.Release_UedDLL.Build.0 = Release|Win32
		{04B2654D-F473-445E-AE3A-CEAAD3373689}.ReleaseDLL.ActiveCfg = Release|Win32
		{04B2654D-F473-445E-AE3A-CEAAD3373689}.ReleaseFast.ActiveCfg = Release|Win32
		{04B2654D-F473-445E-AE3A-CEAAD3373689}.ReleaseFast.Build.0 = Release|Win32
		{04B2654D-F473-445E-AE3A-CEAAD3373689}.SystemFiles.ActiveCfg = Debug|Win32
		{04B2654D-F473-445E-AE3A-CEAAD3373689}.SystemFiles.Build.0 = Debug|Win32
		{04B2654D-F473-445E-AE3A-CEAAD3373689}.UnrealScript.ActiveCfg = Debug|Win32
		{04B2654D-F473-445E-AE3A-CEAAD3373689}.UnrealScript.Build.0 = Debug|Win32
		{8C237209-01E6-4797-9BCA-4675C161F26E}.Debug.ActiveCfg = Debug|Win32
		{8C237209-01E6-4797-9BCA-4675C161F26E}.Debug.Build.0 = Debug|Win32
		{8C237209-01E6-4797-9BCA-4675C161F26E}.Debug_AMD64.ActiveCfg = Debug_AMD64|Win32
		{8C237209-01E6-4797-9BCA-4675C161F26E}.Debug_AMD64.Build.0 = Debug_AMD64|Win32
		{8C237209-01E6-4797-9BCA-4675C161F26E}.DebugDLL.ActiveCfg = Debug_AMD64|Win32
		{8C237209-01E6-4797-9BCA-4675C161F26E}.DebugSlow.ActiveCfg = Debug|Win32
		{8C237209-01E6-4797-9BCA-4675C161F26E}.DebugSlow.Build.0 = Debug|Win32
		{8C237209-01E6-4797-9BCA-4675C161F26E}.Profiling.ActiveCfg = Release|Win32
		{8C237209-01E6-4797-9BCA-4675C161F26E}.Profiling.Build.0 = Release|Win32
		{8C237209-01E6-4797-9BCA-4675C161F26E}.Release.ActiveCfg = Release|Win32
		{8C237209-01E6-4797-9BCA-4675C161F26E}.Release.Build.0 = Release|Win32
		{8C237209-01E6-4797-9BCA-4675C161F26E}.Release_UedDLL.ActiveCfg = Release|Win32
		{8C237209-01E6-4797-9BCA-4675C161F26E}.Release_UedDLL.Build.0 = Release|Win32
		{8C237209-01E6-4797-9BCA-4675C161F26E}.ReleaseDLL.ActiveCfg = Release|Win32
		{8C237209-01E6-4797-9BCA-4675C161F26E}.ReleaseFast.ActiveCfg = Release|Win32
		{8C237209-01E6-4797-9BCA-4675C161F26E}.ReleaseFast.Build.0 = Release|Win32
		{8C237209-01E6-4797-9BCA-4675C161F26E}.SystemFiles.ActiveCfg = Release|Win32
		{8C237209-01E6-4797-9BCA-4675C161F26E}.SystemFiles.Build.0 = Release|Win32
		{8C237209-01E6-4797-9BCA-4675C161F26E}.UnrealScript.ActiveCfg = Release|Win32
		{8C237209-01E6-4797-9BCA-4675C161F26E}.UnrealScript.Build.0 = Release|Win32
		{94BF5FAD-D736-41F1-9850-09811D464BAE}.Debug.ActiveCfg = Debug|Win32
		{94BF5FAD-D736-41F1-9850-09811D464BAE}.Debug.Build.0 = Debug|Win32
		{94BF5FAD-D736-41F1-9850-09811D464BAE}.Debug_AMD64.ActiveCfg = Debug_AMD64|Win32
		{94BF5FAD-D736-41F1-9850-09811D464BAE}.DebugDLL.ActiveCfg = Debug_AMD64|Win32
		{94BF5FAD-D736-41F1-9850-09811D464BAE}.DebugSlow.ActiveCfg = Debug|Win32
		{94BF5FAD-D736-41F1-9850-09811D464BAE}.DebugSlow.Build.0 = Debug|Win32
		{94BF5FAD-D736-41F1-9850-09811D464BAE}.Profiling.ActiveCfg = Release|Win32
		{94BF5FAD-D736-41F1-9850-09811D464BAE}.Profiling.Build.0 = Release|Win32
		{94BF5FAD-D736-41F1-9850-09811D464BAE}.Release.ActiveCfg = Release|Win32
		{94BF5FAD-D736-41F1-9850-09811D464BAE}.Release.Build.0 = Release|Win32
		{94BF5FAD-D736-41F1-9850-09811D464BAE}.Release_UedDLL.ActiveCfg = Release|Win32
		{94BF5FAD-D736-41F1-9850-09811D464BAE}.Release_UedDLL.Build.0 = Release|Win32
		{94BF5FAD-D736-41F1-9850-09811D464BAE}.ReleaseDLL.ActiveCfg = Release|Win32
		{94BF5FAD-D736-41F1-9850-09811D464BAE}.ReleaseFast.ActiveCfg = Release|Win32
		{94BF5FAD-D736-41F1-9850-09811D464BAE}.ReleaseFast.Build.0 = Release|Win32
		{94BF5FAD-D736-41F1-9850-09811D464BAE}.SystemFiles.ActiveCfg = Release|Win32
		{94BF5FAD-D736-41F1-9850-09811D464BAE}.SystemFiles.Build.0 = Release|Win32
		{94BF5FAD-D736-41F1-9850-09811D464BAE}.UnrealScript.ActiveCfg = Release|Win32
		{94BF5FAD-D736-41F1-9850-09811D464BAE}.UnrealScript.Build.0 = Release|Win32
		{BD7B1AF4-6AB5-40BE-B29F-2386B4489A15}.Debug.ActiveCfg = UnrealScript|Win32
		{BD7B1AF4-6AB5-40BE-B29F-2386B4489A15}.Debug.Build.0 = UnrealScript|Win32
		{BD7B1AF4-6AB5-40BE-B29F-2386B4489A15}.Debug_AMD64.ActiveCfg = Debug_AMD64|Win32
		{BD7B1AF4-6AB5-40BE-B29F-2386B4489A15}.Debug_AMD64.Build.0 = Debug_AMD64|Win32
		{BD7B1AF4-6AB5-40BE-B29F-2386B4489A15}.DebugDLL.ActiveCfg = Debug_AMD64|Win32
		{BD7B1AF4-6AB5-40BE-B29F-2386B4489A15}.DebugSlow.ActiveCfg = UnrealScript|Win32
		{BD7B1AF4-6AB5-40BE-B29F-2386B4489A15}.DebugSlow.Build.0 = UnrealScript|Win32
		{BD7B1AF4-6AB5-40BE-B29F-2386B4489A15}.Profiling.ActiveCfg = UnrealScript|Win32
		{BD7B1AF4-6AB5-40BE-B29F-2386B4489A15}.Profiling.Build.0 = UnrealScript|Win32
		{BD7B1AF4-6AB5-40BE-B29F-2386B4489A15}.Release.ActiveCfg = UnrealScript|Win32
		{BD7B1AF4-6AB5-40BE-B29F-2386B4489A15}.Release.Build.0 = UnrealScript|Win32
		{BD7B1AF4-6AB5-40BE-B29F-2386B4489A15}.Release_UedDLL.ActiveCfg = UnrealScript|Win32
		{BD7B1AF4-6AB5-40BE-B29F-2386B4489A15}.Release_UedDLL.Build.0 = UnrealScript|Win32
		{BD7B1AF4-6AB5-40BE-B29F-2386B4489A15}.ReleaseDLL.ActiveCfg = Debug_AMD64|Win32
		{BD7B1AF4-6AB5-40BE-B29F-2386B4489A15}.ReleaseFast.ActiveCfg = UnrealScript|Win32
		{BD7B1AF4-6AB5-40BE-B29F-2386B4489A15}.ReleaseFast.Build.0 = UnrealScript|Win32
		{BD7B1AF4-6AB5-40BE-B29F-2386B4489A15}.SystemFiles.ActiveCfg = UnrealScript|Win32
		{BD7B1AF4-6AB5-40BE-B29F-2386B4489A15}.SystemFiles.Build.0 = UnrealScript|Win32
		{BD7B1AF4-6AB5-40BE-B29F-2386B4489A15}.UnrealScript.ActiveCfg = UnrealScript|Win32
		{BD7B1AF4-6AB5-40BE-B29F-2386B4489A15}.UnrealScript.Build.0 = UnrealScript|Win32
		{AA590301-66B8-49DC-B612-ABD340F92578}.Debug.ActiveCfg = Debug|Win32
		{AA590301-66B8-49DC-B612-ABD340F92578}.Debug.Build.0 = Debug|Win32
		{AA590301-66B8-49DC-B612-ABD340F92578}.Debug_AMD64.ActiveCfg = Debug_AMD64|Win32
		{AA590301-66B8-49DC-B612-ABD340F92578}.Debug_AMD64.Build.0 = Debug_AMD64|Win32
		{AA590301-66B8-49DC-B612-ABD340F92578}.DebugDLL.ActiveCfg = Debug_AMD64|Win32
		{AA590301-66B8-49DC-B612-ABD340F92578}.DebugSlow.ActiveCfg = Debug|Win32
		{AA590301-66B8-49DC-B612-ABD340F92578}.DebugSlow.Build.0 = Debug|Win32
		{AA590301-66B8-49DC-B612-ABD340F92578}.Profiling.ActiveCfg = Release|Win32
		{AA590301-66B8-49DC-B612-ABD340F92578}.Profiling.Build.0 = Release|Win32
		{AA590301-66B8-49DC-B612-ABD340F92578}.Release.ActiveCfg = Release|Win32
		{AA590301-66B8-49DC-B612-ABD340F92578}.Release.Build.0 = Release|Win32
		{AA590301-66B8-49DC-B612-ABD340F92578}.Release_UedDLL.ActiveCfg = Release|Win32
		{AA590301-66B8-49DC-B612-ABD340F92578}.Release_UedDLL.Build.0 = Release|Win32
		{AA590301-66B8-49DC-B612-ABD340F92578}.ReleaseDLL.ActiveCfg = Release|Win32
		{AA590301-66B8-49DC-B612-ABD340F92578}.ReleaseFast.ActiveCfg = Release|Win32
		{AA590301-66B8-49DC-B612-ABD340F92578}.ReleaseFast.Build.0 = Release|Win32
		{AA590301-66B8-49DC-B612-ABD340F92578}.SystemFiles.ActiveCfg = Release|Win32
		{AA590301-66B8-49DC-B612-ABD340F92578}.SystemFiles.Build.0 = Release|Win32
		{AA590301-66B8-49DC-B612-ABD340F92578}.UnrealScript.ActiveCfg = Release|Win32
		{AA590301-66B8-49DC-B612-ABD340F92578}.UnrealScript.Build.0 = Release|Win32
		{4556F29F-8FCE-421E-A31C-AF47C07DB1F8}.Debug.ActiveCfg = Debug|Win32
		{4556F29F-8FCE-421E-A31C-AF47C07DB1F8}.Debug.Build.0 = Debug|Win32
		{4556F29F-8FCE-421E-A31C-AF47C07DB1F8}.Debug_AMD64.ActiveCfg = Debug_AMD64|Win32
		{4556F29F-8FCE-421E-A31C-AF47C07DB1F8}.Debug_AMD64.Build.0 = Debug_AMD64|Win32
		{4556F29F-8FCE-421E-A31C-AF47C07DB1F8}.DebugDLL.ActiveCfg = Debug_AMD64|Win32
		{4556F29F-8FCE-421E-A31C-AF47C07DB1F8}.DebugSlow.ActiveCfg = Debug|Win32
		{4556F29F-8FCE-421E-A31C-AF47C07DB1F8}.DebugSlow.Build.0 = Debug|Win32
		{4556F29F-8FCE-421E-A31C-AF47C07DB1F8}.Profiling.ActiveCfg = Release|Win32
		{4556F29F-8FCE-421E-A31C-AF47C07DB1F8}.Profiling.Build.0 = Release|Win32
		{4556F29F-8FCE-421E-A31C-AF47C07DB1F8}.Release.ActiveCfg = Release|Win32
		{4556F29F-8FCE-421E-A31C-AF47C07DB1F8}.Release.Build.0 = Release|Win32
		{4556F29F-8FCE-421E-A31C-AF47C07DB1F8}.Release_UedDLL.ActiveCfg = Release|Win32
		{4556F29F-8FCE-421E-A31C-AF47C07DB1F8}.Release_UedDLL.Build.0 = Release|Win32
		{4556F29F-8FCE-421E-A31C-AF47C07DB1F8}.ReleaseDLL.ActiveCfg = Release|Win32
		{4556F29F-8FCE-421E-A31C-AF47C07DB1F8}.ReleaseFast.ActiveCfg = Release|Win32
		{4556F29F-8FCE-421E-A31C-AF47C07DB1F8}.ReleaseFast.Build.0 = Release|Win32
		{4556F29F-8FCE-421E-A31C-AF47C07DB1F8}.SystemFiles.ActiveCfg = Release|Win32
		{4556F29F-8FCE-421E-A31C-AF47C07DB1F8}.SystemFiles.Build.0 = Release|Win32
		{4556F29F-8FCE-421E-A31C-AF47C07DB1F8}.UnrealScript.ActiveCfg = Release|Win32
		{4556F29F-8FCE-421E-A31C-AF47C07DB1F8}.UnrealScript.Build.0 = Release|Win32
		{EB658568-003D-41C7-986B-B690C8073DB5}.Debug.ActiveCfg = Debug|Win32
		{EB658568-003D-41C7-986B-B690C8073DB5}.Debug.Build.0 = Debug|Win32
		{EB658568-003D-41C7-986B-B690C8073DB5}.Debug_AMD64.ActiveCfg = Debug_AMD64|Win32
		{EB658568-003D-41C7-986B-B690C8073DB5}.Debug_AMD64.Build.0 = Debug_AMD64|Win32
		{EB658568-003D-41C7-986B-B690C8073DB5}.DebugDLL.ActiveCfg = Debug_AMD64|Win32
		{EB658568-003D-41C7-986B-B690C8073DB5}.DebugSlow.ActiveCfg = Debug|Win32
		{EB658568-003D-41C7-986B-B690C8073DB5}.DebugSlow.Build.0 = Debug|Win32
		{EB658568-003D-41C7-986B-B690C8073DB5}.Profiling.ActiveCfg = Release|Win32
		{EB658568-003D-41C7-986B-B690C8073DB5}.Profiling.Build.0 = Release|Win32
		{EB658568-003D-41C7-986B-B690C8073DB5}.Release.ActiveCfg = Release|Win32
		{EB658568-003D-41C7-986B-B690C8073DB5}.Release.Build.0 = Release|Win32
		{EB658568-003D-41C7-986B-B690C8073DB5}.Release_UedDLL.ActiveCfg = Release|Win32
		{EB658568-003D-41C7-986B-B690C8073DB5}.Release_UedDLL.Build.0 = Release|Win32
		{EB658568-003D-41C7-986B-B690C8073DB5}.ReleaseDLL.ActiveCfg = Release|Win32
		{EB658568-003D-41C7-986B-B690C8073DB5}.ReleaseFast.ActiveCfg = Release|Win32
		{EB658568-003D-41C7-986B-B690C8073DB5}.ReleaseFast.Build.0 = Release|Win32
		{EB658568-003D-41C7-986B-B690C8073DB5}.SystemFiles.ActiveCfg = Release|Win32
		{EB658568-003D-41C7-986B-B690C8073DB5}.SystemFiles.Build.0 = Release|Win32
		{EB658568-003D-41C7-986B-B690C8073DB5}.UnrealScript.ActiveCfg = Release|Win32
		{EB658568-003D-41C7-986B-B690C8073DB5}.UnrealScript.Build.0 = Release|Win32
		{EB658568-003D-41C7-986B-B690C8073DB5}.Debug.ActiveCfg = Debug|Win32
		{EB658568-003D-41C7-986B-B690C8073DB5}.Debug.Build.0 = Debug|Win32
		{EB658568-003D-41C7-986B-B690C8073DB5}.Debug_AMD64.ActiveCfg = Debug_AMD64|Win32
		{EB658568-003D-41C7-986B-B690C8073DB5}.Debug_AMD64.Build.0 = Debug_AMD64|Win32
		{EB658568-003D-41C7-986B-B690C8073DB5}.DebugDLL.ActiveCfg = Debug_AMD64|Win32
		{EB658568-003D-41C7-986B-B690C8073DB5}.DebugSlow.ActiveCfg = Debug|Win32
		{EB658568-003D-41C7-986B-B690C8073DB5}.DebugSlow.Build.0 = Debug|Win32
		{EB658568-003D-41C7-986B-B690C8073DB5}.Profiling.ActiveCfg = Release|Win32
		{EB658568-003D-41C7-986B-B690C8073DB5}.Profiling.Build.0 = Release|Win32
		{EB658568-003D-41C7-986B-B690C8073DB5}.Release.ActiveCfg = Release|Win32
		{EB658568-003D-41C7-986B-B690C8073DB5}.Release.Build.0 = Release|Win32
		{EB658568-003D-41C7-986B-B690C8073DB5}.Release_UedDLL.ActiveCfg = Release|Win32
		{EB658568-003D-41C7-986B-B690C8073DB5}.Release_UedDLL.Build.0 = Release|Win32
		{EB658568-003D-41C7-986B-B690C8073DB5}.ReleaseDLL.ActiveCfg = Release|Win32
		{EB658568-003D-41C7-986B-B690C8073DB5}.ReleaseFast.ActiveCfg = Release|Win32
		{EB658568-003D-41C7-986B-B690C8073DB5}.ReleaseFast.Build.0 = Release|Win32
		{EB658568-003D-41C7-986B-B690C8073DB5}.SystemFiles.ActiveCfg = Release|Win32
		{EB658568-003D-41C7-986B-B690C8073DB5}.SystemFiles.Build.0 = Release|Win32
		{EB658568-003D-41C7-986B-B690C8073DB5}.UnrealScript.ActiveCfg = Release|Win32
		{EB658568-003D-41C7-986B-B690C8073DB5}.UnrealScript.Build.0 = Release|Win32
		{52C097E2-6E42-4C7D-8ECB-90F5AFD0569B}.Debug.ActiveCfg = Debug|Win32
		{52C097E2-6E42-4C7D-8ECB-90F5AFD0569B}.Debug.Build.0 = Debug|Win32
		{52C097E2-6E42-4C7D-8ECB-90F5AFD0569B}.Debug_AMD64.ActiveCfg = Debug_AMD64|Win32
		{52C097E2-6E42-4C7D-8ECB-90F5AFD0569B}.Debug_AMD64.Build.0 = Debug_AMD64|Win32
		{52C097E2-6E42-4C7D-8ECB-90F5AFD0569B}.DebugDLL.ActiveCfg = Debug_AMD64|Win32
		{52C097E2-6E42-4C7D-8ECB-90F5AFD0569B}.DebugSlow.ActiveCfg = DebugSlow|Win32
		{52C097E2-6E42-4C7D-8ECB-90F5AFD0569B}.DebugSlow.Build.0 = DebugSlow|Win32
		{52C097E2-6E42-4C7D-8ECB-90F5AFD0569B}.Profiling.ActiveCfg = Profiling|Win32
		{52C097E2-6E42-4C7D-8ECB-90F5AFD0569B}.Profiling.Build.0 = Profiling|Win32
		{52C097E2-6E42-4C7D-8ECB-90F5AFD0569B}.Release.ActiveCfg = Release|Win32
		{52C097E2-6E42-4C7D-8ECB-90F5AFD0569B}.Release.Build.0 = Release|Win32
		{52C097E2-6E42-4C7D-8ECB-90F5AFD0569B}.Release_UedDLL.ActiveCfg = ReleaseFast|Win32
		{52C097E2-6E42-4C7D-8ECB-90F5AFD0569B}.Release_UedDLL.Build.0 = ReleaseFast|Win32
		{52C097E2-6E42-4C7D-8ECB-90F5AFD0569B}.ReleaseDLL.ActiveCfg = ReleaseFast|Win32
		{52C097E2-6E42-4C7D-8ECB-90F5AFD0569B}.ReleaseFast.ActiveCfg = ReleaseFast|Win32
		{52C097E2-6E42-4C7D-8ECB-90F5AFD0569B}.ReleaseFast.Build.0 = ReleaseFast|Win32
		{52C097E2-6E42-4C7D-8ECB-90F5AFD0569B}.SystemFiles.ActiveCfg = Profiling|Win32
		{52C097E2-6E42-4C7D-8ECB-90F5AFD0569B}.SystemFiles.Build.0 = Profiling|Win32
		{52C097E2-6E42-4C7D-8ECB-90F5AFD0569B}.UnrealScript.ActiveCfg = Profiling|Win32
		{52C097E2-6E42-4C7D-8ECB-90F5AFD0569B}.UnrealScript.Build.0 = Profiling|Win32
		{40AE6ED3-87C3-4695-BEA6-B713531CC3B8}.Debug.ActiveCfg = Debug|Win32
		{40AE6ED3-87C3-4695-BEA6-B713531CC3B8}.Debug.Build.0 = Debug|Win32
		{40AE6ED3-87C3-4695-BEA6-B713531CC3B8}.Debug_AMD64.ActiveCfg = Debug_AMD64|Win32
		{40AE6ED3-87C3-4695-BEA6-B713531CC3B8}.Debug_AMD64.Build.0 = Debug_AMD64|Win32
		{40AE6ED3-87C3-4695-BEA6-B713531CC3B8}.DebugDLL.ActiveCfg = Debug_AMD64|Win32
		{40AE6ED3-87C3-4695-BEA6-B713531CC3B8}.DebugSlow.ActiveCfg = Debug|Win32
		{40AE6ED3-87C3-4695-BEA6-B713531CC3B8}.DebugSlow.Build.0 = Debug|Win32
		{40AE6ED3-87C3-4695-BEA6-B713531CC3B8}.Profiling.ActiveCfg = Debug|Win32
		{40AE6ED3-87C3-4695-BEA6-B713531CC3B8}.Profiling.Build.0 = Debug|Win32
		{40AE6ED3-87C3-4695-BEA6-B713531CC3B8}.Release.ActiveCfg = Release|Win32
		{40AE6ED3-87C3-4695-BEA6-B713531CC3B8}.Release.Build.0 = Release|Win32
		{40AE6ED3-87C3-4695-BEA6-B713531CC3B8}.Release_UedDLL.ActiveCfg = Release|Win32
		{40AE6ED3-87C3-4695-BEA6-B713531CC3B8}.Release_UedDLL.Build.0 = Release|Win32
		{40AE6ED3-87C3-4695-BEA6-B713531CC3B8}.ReleaseDLL.ActiveCfg = ReleaseFast|Win32
		{40AE6ED3-87C3-4695-BEA6-B713531CC3B8}.ReleaseFast.ActiveCfg = Release|Win32
		{40AE6ED3-87C3-4695-BEA6-B713531CC3B8}.ReleaseFast.Build.0 = Release|Win32
		{40AE6ED3-87C3-4695-BEA6-B713531CC3B8}.SystemFiles.ActiveCfg = Debug|Win32
		{40AE6ED3-87C3-4695-BEA6-B713531CC3B8}.SystemFiles.Build.0 = Debug|Win32
		{40AE6ED3-87C3-4695-BEA6-B713531CC3B8}.UnrealScript.ActiveCfg = Debug|Win32
		{40AE6ED3-87C3-4695-BEA6-B713531CC3B8}.UnrealScript.Build.0 = Debug|Win32
		{E78E5FB5-E057-44FF-A6BD-B31AAA0E5B9B}.Debug.ActiveCfg = Debug|Win32
		{E78E5FB5-E057-44FF-A6BD-B31AAA0E5B9B}.Debug.Build.0 = Debug|Win32
		{E78E5FB5-E057-44FF-A6BD-B31AAA0E5B9B}.Debug_AMD64.ActiveCfg = Debug_AMD64|Win32
		{E78E5FB5-E057-44FF-A6BD-B31AAA0E5B9B}.Debug_AMD64.Build.0 = Debug_AMD64|Win32
		{E78E5FB5-E057-44FF-A6BD-B31AAA0E5B9B}.DebugDLL.ActiveCfg = Debug_AMD64|Win32
		{E78E5FB5-E057-44FF-A6BD-B31AAA0E5B9B}.DebugSlow.ActiveCfg = DebugSlow|Win32
		{E78E5FB5-E057-44FF-A6BD-B31AAA0E5B9B}.DebugSlow.Build.0 = DebugSlow|Win32
		{E78E5FB5-E057-44FF-A6BD-B31AAA0E5B9B}.Profiling.ActiveCfg = Profiling|Win32
		{E78E5FB5-E057-44FF-A6BD-B31AAA0E5B9B}.Profiling.Build.0 = Profiling|Win32
		{E78E5FB5-E057-44FF-A6BD-B31AAA0E5B9B}.Release.ActiveCfg = Release|Win32
		{E78E5FB5-E057-44FF-A6BD-B31AAA0E5B9B}.Release.Build.0 = Release|Win32
		{E78E5FB5-E057-44FF-A6BD-B31AAA0E5B9B}.Release_UedDLL.ActiveCfg = ReleaseFast|Win32
		{E78E5FB5-E057-44FF-A6BD-B31AAA0E5B9B}.Release_UedDLL.Build.0 = ReleaseFast|Win32
		{E78E5FB5-E057-44FF-A6BD-B31AAA0E5B9B}.ReleaseDLL.ActiveCfg = ReleaseFast|Win32
		{E78E5FB5-E057-44FF-A6BD-B31AAA0E5B9B}.ReleaseFast.ActiveCfg = ReleaseFast|Win32
		{E78E5FB5-E057-44FF-A6BD-B31AAA0E5B9B}.ReleaseFast.Build.0 = ReleaseFast|Win32
		{E78E5FB5-E057-44FF-A6BD-B31AAA0E5B9B}.SystemFiles.ActiveCfg = Profiling|Win32
		{E78E5FB5-E057-44FF-A6BD-B31AAA0E5B9B}.SystemFiles.Build.0 = Profiling|Win32
		{E78E5FB5-E057-44FF-A6BD-B31AAA0E5B9B}.UnrealScript.ActiveCfg = Profiling|Win32
		{E78E5FB5-E057-44FF-A6BD-B31AAA0E5B9B}.UnrealScript.Build.0 = Profiling|Win32
		{107F4088-DEF5-45D4-ACA1-02E68BF50F6B}.Debug.ActiveCfg = Debug|Win32
		{107F4088-DEF5-45D4-ACA1-02E68BF50F6B}.Debug.Build.0 = Debug|Win32
		{107F4088-DEF5-45D4-ACA1-02E68BF50F6B}.Debug_AMD64.ActiveCfg = Debug_AMD64|Win32
		{107F4088-DEF5-45D4-ACA1-02E68BF50F6B}.Debug_AMD64.Build.0 = Debug_AMD64|Win32
		{107F4088-DEF5-45D4-ACA1-02E68BF50F6B}.DebugDLL.ActiveCfg = Debug_AMD64|Win32
		{107F4088-DEF5-45D4-ACA1-02E68BF50F6B}.DebugSlow.ActiveCfg = Debug|Win32
		{107F4088-DEF5-45D4-ACA1-02E68BF50F6B}.DebugSlow.Build.0 = Debug|Win32
		{107F4088-DEF5-45D4-ACA1-02E68BF50F6B}.Profiling.ActiveCfg = Release|Win32
		{107F4088-DEF5-45D4-ACA1-02E68BF50F6B}.Profiling.Build.0 = Release|Win32
		{107F4088-DEF5-45D4-ACA1-02E68BF50F6B}.Release.ActiveCfg = Release|Win32
		{107F4088-DEF5-45D4-ACA1-02E68BF50F6B}.Release.Build.0 = Release|Win32
		{107F4088-DEF5-45D4-ACA1-02E68BF50F6B}.Release_UedDLL.ActiveCfg = Release|Win32
		{107F4088-DEF5-45D4-ACA1-02E68BF50F6B}.Release_UedDLL.Build.0 = Release|Win32
		{107F4088-DEF5-45D4-ACA1-02E68BF50F6B}.ReleaseDLL.ActiveCfg = Release|Win32
		{107F4088-DEF5-45D4-ACA1-02E68BF50F6B}.ReleaseFast.ActiveCfg = Release|Win32
		{107F4088-DEF5-45D4-ACA1-02E68BF50F6B}.ReleaseFast.Build.0 = Release|Win32
		{107F4088-DEF5-45D4-ACA1-02E68BF50F6B}.SystemFiles.ActiveCfg = Release|Win32
		{107F4088-DEF5-45D4-ACA1-02E68BF50F6B}.SystemFiles.Build.0 = Release|Win32
		{107F4088-DEF5-45D4-ACA1-02E68BF50F6B}.UnrealScript.ActiveCfg = Release|Win32
		{107F4088-DEF5-45D4-ACA1-02E68BF50F6B}.UnrealScript.Build.0 = Release|Win32
		{7C94D95F-2F2D-4FE0-9CF2-AAE4BE6D545A}.Debug.ActiveCfg = Debug|Win32
		{7C94D95F-2F2D-4FE0-9CF2-AAE4BE6D545A}.Debug.Build.0 = Debug|Win32
		{7C94D95F-2F2D-4FE0-9CF2-AAE4BE6D545A}.Debug_AMD64.ActiveCfg = Debug|Win32
		{7C94D95F-2F2D-4FE0-9CF2-AAE4BE6D545A}.Debug_AMD64.Build.0 = Debug|Win32
		{7C94D95F-2F2D-4FE0-9CF2-AAE4BE6D545A}.DebugDLL.ActiveCfg = Debug|Win32
		{7C94D95F-2F2D-4FE0-9CF2-AAE4BE6D545A}.DebugDLL.Build.0 = Debug|Win32
		{7C94D95F-2F2D-4FE0-9CF2-AAE4BE6D545A}.DebugSlow.ActiveCfg = Debug|Win32
		{7C94D95F-2F2D-4FE0-9CF2-AAE4BE6D545A}.DebugSlow.Build.0 = Debug|Win32
		{7C94D95F-2F2D-4FE0-9CF2-AAE4BE6D545A}.Profiling.ActiveCfg = Release|Win32
		{7C94D95F-2F2D-4FE0-9CF2-AAE4BE6D545A}.Profiling.Build.0 = Release|Win32
		{7C94D95F-2F2D-4FE0-9CF2-AAE4BE6D545A}.Release.ActiveCfg = Release|Win32
		{7C94D95F-2F2D-4FE0-9CF2-AAE4BE6D545A}.Release.Build.0 = Release|Win32
		{7C94D95F-2F2D-4FE0-9CF2-AAE4BE6D545A}.Release_UedDLL.ActiveCfg = Release|Win32
		{7C94D95F-2F2D-4FE0-9CF2-AAE4BE6D545A}.Release_UedDLL.Build.0 = Release|Win32
		{7C94D95F-2F2D-4FE0-9CF2-AAE4BE6D545A}.ReleaseDLL.ActiveCfg = Release|Win32
		{7C94D95F-2F2D-4FE0-9CF2-AAE4BE6D545A}.ReleaseDLL.Build.0 = Release|Win32
		{7C94D95F-2F2D-4FE0-9CF2-AAE4BE6D545A}.ReleaseFast.ActiveCfg = Release|Win32
		{7C94D95F-2F2D-4FE0-9CF2-AAE4BE6D545A}.ReleaseFast.Build.0 = Release|Win32
		{7C94D95F-2F2D-4FE0-9CF2-AAE4BE6D545A}.SystemFiles.ActiveCfg = Release|Win32
		{7C94D95F-2F2D-4FE0-9CF2-AAE4BE6D545A}.SystemFiles.Build.0 = Release|Win32
		{7C94D95F-2F2D-4FE0-9CF2-AAE4BE6D545A}.UnrealScript.ActiveCfg = Release|Win32
		{7C94D95F-2F2D-4FE0-9CF2-AAE4BE6D545A}.UnrealScript.Build.0 = Release|Win32
		{F2508EB8-3BEB-415C-A8B4-CCC701CF74EC}.Debug.ActiveCfg = Debug|Win32
		{F2508EB8-3BEB-415C-A8B4-CCC701CF74EC}.Debug.Build.0 = Debug|Win32
		{F2508EB8-3BEB-415C-A8B4-CCC701CF74EC}.Debug_AMD64.ActiveCfg = Debug|Win32
		{F2508EB8-3BEB-415C-A8B4-CCC701CF74EC}.Debug_AMD64.Build.0 = Debug|Win32
		{F2508EB8-3BEB-415C-A8B4-CCC701CF74EC}.DebugDLL.ActiveCfg = Debug|Win32
		{F2508EB8-3BEB-415C-A8B4-CCC701CF74EC}.DebugDLL.Build.0 = Debug|Win32
		{F2508EB8-3BEB-415C-A8B4-CCC701CF74EC}.DebugSlow.ActiveCfg = Debug|Win32
		{F2508EB8-3BEB-415C-A8B4-CCC701CF74EC}.DebugSlow.Build.0 = Debug|Win32
		{F2508EB8-3BEB-415C-A8B4-CCC701CF74EC}.Profiling.ActiveCfg = Release|Win32
		{F2508EB8-3BEB-415C-A8B4-CCC701CF74EC}.Profiling.Build.0 = Release|Win32
		{F2508EB8-3BEB-415C-A8B4-CCC701CF74EC}.Release.ActiveCfg = Release|Win32
		{F2508EB8-3BEB-415C-A8B4-CCC701CF74EC}.Release.Build.0 = Release|Win32
		{F2508EB8-3BEB-415C-A8B4-CCC701CF74EC}.Release_UedDLL.ActiveCfg = Release|Win32
		{F2508EB8-3BEB-415C-A8B4-CCC701CF74EC}.Release_UedDLL.Build.0 = Release|Win32
		{F2508EB8-3BEB-415C-A8B4-CCC701CF74EC}.ReleaseDLL.ActiveCfg = Release|Win32
		{F2508EB8-3BEB-415C-A8B4-CCC701CF74EC}.ReleaseDLL.Build.0 = Release|Win32
		{F2508EB8-3BEB-415C-A8B4-CCC701CF74EC}.ReleaseFast.ActiveCfg = Release|Win32
		{F2508EB8-3BEB-415C-A8B4-CCC701CF74EC}.ReleaseFast.Build.0 = Release|Win32
		{F2508EB8-3BEB-415C-A8B4-CCC701CF74EC}.SystemFiles.ActiveCfg = Release|Win32
		{F2508EB8-3BEB-415C-A8B4-CCC701CF74EC}.SystemFiles.Build.0 = Release|Win32
		{F2508EB8-3BEB-415C-A8B4-CCC701CF74EC}.UnrealScript.ActiveCfg = Release|Win32
		{F2508EB8-3BEB-415C-A8B4-CCC701CF74EC}.UnrealScript.Build.0 = Release|Win32
		{82F1CB24-B63E-4955-9CF5-F25D6F7CFA76}.Debug.ActiveCfg = Debug|Win32
		{82F1CB24-B63E-4955-9CF5-F25D6F7CFA76}.Debug.Build.0 = Debug|Win32
		{82F1CB24-B63E-4955-9CF5-F25D6F7CFA76}.Debug_AMD64.ActiveCfg = Debug|Win32
		{82F1CB24-B63E-4955-9CF5-F25D6F7CFA76}.Debug_AMD64.Build.0 = Debug|Win32
		{82F1CB24-B63E-4955-9CF5-F25D6F7CFA76}.DebugDLL.ActiveCfg = Debug|Win32
		{82F1CB24-B63E-4955-9CF5-F25D6F7CFA76}.DebugDLL.Build.0 = Debug|Win32
		{82F1CB24-B63E-4955-9CF5-F25D6F7CFA76}.DebugSlow.ActiveCfg = Debug|Win32
		{82F1CB24-B63E-4955-9CF5-F25D6F7CFA76}.DebugSlow.Build.0 = Debug|Win32
		{82F1CB24-B63E-4955-9CF5-F25D6F7CFA76}.Profiling.ActiveCfg = Release|Win32
		{82F1CB24-B63E-4955-9CF5-F25D6F7CFA76}.Profiling.Build.0 = Release|Win32
		{82F1CB24-B63E-4955-9CF5-F25D6F7CFA76}.Release.ActiveCfg = Release|Win32
		{82F1CB24-B63E-4955-9CF5-F25D6F7CFA76}.Release.Build.0 = Release|Win32
		{82F1CB24-B63E-4955-9CF5-F25D6F7CFA76}.Release_UedDLL.ActiveCfg = Release|Win32
		{82F1CB24-B63E-4955-9CF5-F25D6F7CFA76}.Release_UedDLL.Build.0 = Release|Win32
		{82F1CB24-B63E-4955-9CF5-F25D6F7CFA76}.ReleaseDLL.ActiveCfg = Release|Win32
		{82F1CB24-B63E-4955-9CF5-F25D6F7CFA76}.ReleaseDLL.Build.0 = Release|Win32
		{82F1CB24-B63E-4955-9CF5-F25D6F7CFA76}.ReleaseFast.ActiveCfg = Release|Win32
		{82F1CB24-B63E-4955-9CF5-F25D6F7CFA76}.ReleaseFast.Build.0 = Release|Win32
		{82F1CB24-B63E-4955-9CF5-F25D6F7CFA76}.SystemFiles.ActiveCfg = Release|Win32
		{82F1CB24-B63E-4955-9CF5-F25D6F7CFA76}.SystemFiles.Build.0 = Release|Win32
		{82F1CB24-B63E-4955-9CF5-F25D6F7CFA76}.UnrealScript.ActiveCfg = Release|Win32
		{82F1CB24-B63E-4955-9CF5-F25D6F7CFA76}.UnrealScript.Build.0 = Release|Win32
		{7FFFBFC8-D503-4732-8011-B6D6AC43761D}.Debug.ActiveCfg = Debug|Win32
		{7FFFBFC8-D503-4732-8011-B6D6AC43761D}.Debug.Build.0 = Debug|Win32
		{7FFFBFC8-D503-4732-8011-B6D6AC43761D}.Debug_AMD64.ActiveCfg = DebugSlow|Win32
		{7FFFBFC8-D503-4732-8011-B6D6AC43761D}.Debug_AMD64.Build.0 = DebugSlow|Win32
		{7FFFBFC8-D503-4732-8011-B6D6AC43761D}.DebugDLL.ActiveCfg = DebugSlow|Win32
		{7FFFBFC8-D503-4732-8011-B6D6AC43761D}.DebugDLL.Build.0 = DebugSlow|Win32
		{7FFFBFC8-D503-4732-8011-B6D6AC43761D}.DebugSlow.ActiveCfg = DebugSlow|Win32
		{7FFFBFC8-D503-4732-8011-B6D6AC43761D}.DebugSlow.Build.0 = DebugSlow|Win32
		{7FFFBFC8-D503-4732-8011-B6D6AC43761D}.Profiling.ActiveCfg = Profiling|Win32
		{7FFFBFC8-D503-4732-8011-B6D6AC43761D}.Profiling.Build.0 = Profiling|Win32
		{7FFFBFC8-D503-4732-8011-B6D6AC43761D}.Release.ActiveCfg = Release|Win32
		{7FFFBFC8-D503-4732-8011-B6D6AC43761D}.Release.Build.0 = Release|Win32
		{7FFFBFC8-D503-4732-8011-B6D6AC43761D}.Release_UedDLL.ActiveCfg = ReleaseFast|Win32
		{7FFFBFC8-D503-4732-8011-B6D6AC43761D}.Release_UedDLL.Build.0 = ReleaseFast|Win32
		{7FFFBFC8-D503-4732-8011-B6D6AC43761D}.ReleaseDLL.ActiveCfg = ReleaseFast|Win32
		{7FFFBFC8-D503-4732-8011-B6D6AC43761D}.ReleaseDLL.Build.0 = ReleaseFast|Win32
		{7FFFBFC8-D503-4732-8011-B6D6AC43761D}.ReleaseFast.ActiveCfg = ReleaseFast|Win32
		{7FFFBFC8-D503-4732-8011-B6D6AC43761D}.ReleaseFast.Build.0 = ReleaseFast|Win32
		{7FFFBFC8-D503-4732-8011-B6D6AC43761D}.SystemFiles.ActiveCfg = Profiling|Win32
		{7FFFBFC8-D503-4732-8011-B6D6AC43761D}.SystemFiles.Build.0 = Profiling|Win32
		{7FFFBFC8-D503-4732-8011-B6D6AC43761D}.UnrealScript.ActiveCfg = Profiling|Win32
		{7FFFBFC8-D503-4732-8011-B6D6AC43761D}.UnrealScript.Build.0 = Profiling|Win32
		{6797B617-41DF-4C92-B54A-8D3AC1CB0FBD}.Debug.ActiveCfg = Debug_AMD64|Win32
		{6797B617-41DF-4C92-B54A-8D3AC1CB0FBD}.Debug.Build.0 = Debug_AMD64|Win32
		{6797B617-41DF-4C92-B54A-8D3AC1CB0FBD}.Debug_AMD64.ActiveCfg = Debug_AMD64|Win32
		{6797B617-41DF-4C92-B54A-8D3AC1CB0FBD}.Debug_AMD64.Build.0 = Debug_AMD64|Win32
		{6797B617-41DF-4C92-B54A-8D3AC1CB0FBD}.DebugDLL.ActiveCfg = Debug_AMD64|Win32
		{6797B617-41DF-4C92-B54A-8D3AC1CB0FBD}.DebugDLL.Build.0 = Debug_AMD64|Win32
		{6797B617-41DF-4C92-B54A-8D3AC1CB0FBD}.DebugSlow.ActiveCfg = Debug_AMD64|Win32
		{6797B617-41DF-4C92-B54A-8D3AC1CB0FBD}.DebugSlow.Build.0 = Debug_AMD64|Win32
		{6797B617-41DF-4C92-B54A-8D3AC1CB0FBD}.Profiling.ActiveCfg = Debug_AMD64|Win32
		{6797B617-41DF-4C92-B54A-8D3AC1CB0FBD}.Profiling.Build.0 = Debug_AMD64|Win32
		{6797B617-41DF-4C92-B54A-8D3AC1CB0FBD}.Release.ActiveCfg = Debug_AMD64|Win32
		{6797B617-41DF-4C92-B54A-8D3AC1CB0FBD}.Release.Build.0 = Debug_AMD64|Win32
		{6797B617-41DF-4C92-B54A-8D3AC1CB0FBD}.Release_UedDLL.ActiveCfg = Debug_AMD64|Win32
		{6797B617-41DF-4C92-B54A-8D3AC1CB0FBD}.Release_UedDLL.Build.0 = Debug_AMD64|Win32
		{6797B617-41DF-4C92-B54A-8D3AC1CB0FBD}.ReleaseDLL.ActiveCfg = Debug_AMD64|Win32
		{6797B617-41DF-4C92-B54A-8D3AC1CB0FBD}.ReleaseDLL.Build.0 = Debug_AMD64|Win32
		{6797B617-41DF-4C92-B54A-8D3AC1CB0FBD}.ReleaseFast.ActiveCfg = Debug_AMD64|Win32
		{6797B617-41DF-4C92-B54A-8D3AC1CB0FBD}.ReleaseFast.Build.0 = Debug_AMD64|Win32
		{6797B617-41DF-4C92-B54A-8D3AC1CB0FBD}.SystemFiles.ActiveCfg = Debug_AMD64|Win32
		{6797B617-41DF-4C92-B54A-8D3AC1CB0FBD}.SystemFiles.Build.0 = Debug_AMD64|Win32
		{6797B617-41DF-4C92-B54A-8D3AC1CB0FBD}.UnrealScript.ActiveCfg = UnrealScript|Win32
		{6797B617-41DF-4C92-B54A-8D3AC1CB0FBD}.UnrealScript.Build.0 = UnrealScript|Win32
	EndGlobalSection
	GlobalSection(ExtensibilityGlobals) = postSolution
	EndGlobalSection
	GlobalSection(ExtensibilityAddIns) = postSolution
	EndGlobalSection
EndGlobal
